// !$*UTF8*$!
{
	archiveVersion = 1;
	classes = {
	};
	objectVersion = 46;
	objects = {

/* Begin PBXBuildFile section */
		CAF1E6FB6BC534CC3E320F2F /* Pods_Pop_Up_Circle_Test.framework in Frameworks */ = {isa = PBXBuildFile; fileRef = 43A04C9FFF92B9594A354A9B /* Pods_Pop_Up_Circle_Test.framework */; };
		D703D49E1F01ACB500580685 /* MaterialView.swift in Sources */ = {isa = PBXBuildFile; fileRef = D703D49B1F01ACB500580685 /* MaterialView.swift */; };
		D703D49F1F01ACB500580685 /* ItemCell.swift in Sources */ = {isa = PBXBuildFile; fileRef = D703D49C1F01ACB500580685 /* ItemCell.swift */; };
		D703D4A01F01ACB500580685 /* CustomTextField.swift in Sources */ = {isa = PBXBuildFile; fileRef = D703D49D1F01ACB500580685 /* CustomTextField.swift */; };
		D703D4A21F01D11100580685 /* DreamLister.xcdatamodel in Sources */ = {isa = PBXBuildFile; fileRef = D703D4A11F01D11100580685 /* DreamLister.xcdatamodel */; };
		D7079F211F0611DD00026B21 /* VideoVC.swift in Sources */ = {isa = PBXBuildFile; fileRef = D7079F201F0611DD00026B21 /* VideoVC.swift */; };
		D7079F241F06127500026B21 /* DharmaCell.swift in Sources */ = {isa = PBXBuildFile; fileRef = D7079F221F06127500026B21 /* DharmaCell.swift */; };
		D7079F251F06127500026B21 /* DharmaRock.swift in Sources */ = {isa = PBXBuildFile; fileRef = D7079F231F06127500026B21 /* DharmaRock.swift */; };
		D7079F2B1F06B91100026B21 /* LearningVC.swift in Sources */ = {isa = PBXBuildFile; fileRef = D7079F2A1F06B91100026B21 /* LearningVC.swift */; };
		D73011CC1EFB3381003D637A /* AppDelegate.swift in Sources */ = {isa = PBXBuildFile; fileRef = D73011CB1EFB3381003D637A /* AppDelegate.swift */; };
		D73011CE1EFB3381003D637A /* TimerViewController.swift in Sources */ = {isa = PBXBuildFile; fileRef = D73011CD1EFB3381003D637A /* TimerViewController.swift */; };
		D73011D11EFB3381003D637A /* Main.storyboard in Resources */ = {isa = PBXBuildFile; fileRef = D73011CF1EFB3381003D637A /* Main.storyboard */; };
		D73011D61EFB3381003D637A /* Assets.xcassets in Resources */ = {isa = PBXBuildFile; fileRef = D73011D51EFB3381003D637A /* Assets.xcassets */; };
		D73011D91EFB3381003D637A /* LaunchScreen.storyboard in Resources */ = {isa = PBXBuildFile; fileRef = D73011D71EFB3381003D637A /* LaunchScreen.storyboard */; };
		D73011F81EFC1E70003D637A /* zazenBell3.mp3 in Resources */ = {isa = PBXBuildFile; fileRef = D73011F71EFC1E70003D637A /* zazenBell3.mp3 */; };
		D73011FA1EFC1E8C003D637A /* zazenBell1.mp3 in Resources */ = {isa = PBXBuildFile; fileRef = D73011F91EFC1E8C003D637A /* zazenBell1.mp3 */; };
		D76938281F1FA14700EE83A2 /* LovelyBell.mp3 in Resources */ = {isa = PBXBuildFile; fileRef = D76938271F1FA14600EE83A2 /* LovelyBell.mp3 */; };
		D793B3591F1CD27D007708FC /* templeBell.mp3 in Resources */ = {isa = PBXBuildFile; fileRef = D793B3581F1CD27D007708FC /* templeBell.mp3 */; };
		D7AECA0B1F45185F007BA64F /* GoogleService-Info.plist in Resources */ = {isa = PBXBuildFile; fileRef = D7AECA0A1F45185F007BA64F /* GoogleService-Info.plist */; };
		D7B8D8B21F8568AB002DB434 /* Identifiers.swift in Sources */ = {isa = PBXBuildFile; fileRef = D7B8D8B11F8568AB002DB434 /* Identifiers.swift */; };
		D7B8D8B91F857317002DB434 /* ChannelVC.swift in Sources */ = {isa = PBXBuildFile; fileRef = D7B8D8B71F857317002DB434 /* ChannelVC.swift */; };
		D7B8D8BA1F857317002DB434 /* ChatVC.swift in Sources */ = {isa = PBXBuildFile; fileRef = D7B8D8B81F857317002DB434 /* ChatVC.swift */; };
		D7B8D8BF1F858327002DB434 /* SWRevealViewController.m in Sources */ = {isa = PBXBuildFile; fileRef = D7B8D8BE1F858327002DB434 /* SWRevealViewController.m */; };
		D7B8D8C31F85A30B002DB434 /* GradientView.swift in Sources */ = {isa = PBXBuildFile; fileRef = D7B8D8C21F85A30B002DB434 /* GradientView.swift */; };
		D7CC875B1F00BEB60089A806 /* Image+CoreDataClass.swift in Sources */ = {isa = PBXBuildFile; fileRef = D7CC87571F00BEB60089A806 /* Image+CoreDataClass.swift */; };
		D7CC875C1F00BEB60089A806 /* ItemType+CoreDataClass.swift in Sources */ = {isa = PBXBuildFile; fileRef = D7CC87581F00BEB60089A806 /* ItemType+CoreDataClass.swift */; };
		D7CC875E1F00BEB60089A806 /* Store+CoreDataClass.swift in Sources */ = {isa = PBXBuildFile; fileRef = D7CC875A1F00BEB60089A806 /* Store+CoreDataClass.swift */; };
		D7CC87631F00BEC50089A806 /* ItemType+CoreDataProperties.swift in Sources */ = {isa = PBXBuildFile; fileRef = D7CC875F1F00BEC50089A806 /* ItemType+CoreDataProperties.swift */; };
		D7CC87641F00BEC50089A806 /* Image+CoreDataProperties.swift in Sources */ = {isa = PBXBuildFile; fileRef = D7CC87601F00BEC50089A806 /* Image+CoreDataProperties.swift */; };
		D7CC87661F00BEC50089A806 /* Store+CoreDataProperties.swift in Sources */ = {isa = PBXBuildFile; fileRef = D7CC87621F00BEC50089A806 /* Store+CoreDataProperties.swift */; };
		D7CC87691F00BEFD0089A806 /* MainVC.swift in Sources */ = {isa = PBXBuildFile; fileRef = D7CC87671F00BEFD0089A806 /* MainVC.swift */; };
		D7CC876A1F00BEFD0089A806 /* ItemDetailsVC.swift in Sources */ = {isa = PBXBuildFile; fileRef = D7CC87681F00BEFD0089A806 /* ItemDetailsVC.swift */; };
		D7E3F7291F15856100537EB1 /* Item+CoreDataClass.swift in Sources */ = {isa = PBXBuildFile; fileRef = D7E3F7281F15856000537EB1 /* Item+CoreDataClass.swift */; };
		D7E3F72B1F15857A00537EB1 /* Item+CoreDataProperties.swift in Sources */ = {isa = PBXBuildFile; fileRef = D7E3F72A1F15857A00537EB1 /* Item+CoreDataProperties.swift */; };
/* End PBXBuildFile section */

/* Begin PBXFileReference section */
		43A04C9FFF92B9594A354A9B /* Pods_Pop_Up_Circle_Test.framework */ = {isa = PBXFileReference; explicitFileType = wrapper.framework; includeInIndex = 0; path = Pods_Pop_Up_Circle_Test.framework; sourceTree = BUILT_PRODUCTS_DIR; };
		B75A63C4C7962CCF16EF68C3 /* Pods-Pop Up Circle Test.release.xcconfig */ = {isa = PBXFileReference; includeInIndex = 1; lastKnownFileType = text.xcconfig; name = "Pods-Pop Up Circle Test.release.xcconfig"; path = "Pods/Target Support Files/Pods-Pop Up Circle Test/Pods-Pop Up Circle Test.release.xcconfig"; sourceTree = "<group>"; };
		D703D49B1F01ACB500580685 /* MaterialView.swift */ = {isa = PBXFileReference; fileEncoding = 4; lastKnownFileType = sourcecode.swift; path = MaterialView.swift; sourceTree = "<group>"; };
		D703D49C1F01ACB500580685 /* ItemCell.swift */ = {isa = PBXFileReference; fileEncoding = 4; lastKnownFileType = sourcecode.swift; path = ItemCell.swift; sourceTree = "<group>"; usesTabs = 0; };
		D703D49D1F01ACB500580685 /* CustomTextField.swift */ = {isa = PBXFileReference; fileEncoding = 4; lastKnownFileType = sourcecode.swift; path = CustomTextField.swift; sourceTree = "<group>"; };
		D703D4A11F01D11100580685 /* DreamLister.xcdatamodel */ = {isa = PBXFileReference; lastKnownFileType = wrapper.xcdatamodel; path = DreamLister.xcdatamodel; sourceTree = "<group>"; };
		D7079F201F0611DD00026B21 /* VideoVC.swift */ = {isa = PBXFileReference; fileEncoding = 4; lastKnownFileType = sourcecode.swift; path = VideoVC.swift; sourceTree = "<group>"; };
		D7079F221F06127500026B21 /* DharmaCell.swift */ = {isa = PBXFileReference; fileEncoding = 4; lastKnownFileType = sourcecode.swift; path = DharmaCell.swift; sourceTree = "<group>"; };
		D7079F231F06127500026B21 /* DharmaRock.swift */ = {isa = PBXFileReference; fileEncoding = 4; lastKnownFileType = sourcecode.swift; path = DharmaRock.swift; sourceTree = "<group>"; };
		D7079F2A1F06B91100026B21 /* LearningVC.swift */ = {isa = PBXFileReference; fileEncoding = 4; lastKnownFileType = sourcecode.swift; path = LearningVC.swift; sourceTree = "<group>"; };
		D73011C81EFB3381003D637A /* Pop Up Circle Test.app */ = {isa = PBXFileReference; explicitFileType = wrapper.application; includeInIndex = 0; path = "Pop Up Circle Test.app"; sourceTree = BUILT_PRODUCTS_DIR; };
		D73011CB1EFB3381003D637A /* AppDelegate.swift */ = {isa = PBXFileReference; lastKnownFileType = sourcecode.swift; path = AppDelegate.swift; sourceTree = "<group>"; };
		D73011CD1EFB3381003D637A /* TimerViewController.swift */ = {isa = PBXFileReference; lastKnownFileType = sourcecode.swift; path = TimerViewController.swift; sourceTree = "<group>"; };
		D73011D01EFB3381003D637A /* Base */ = {isa = PBXFileReference; lastKnownFileType = file.storyboard; name = Base; path = Base.lproj/Main.storyboard; sourceTree = "<group>"; };
		D73011D51EFB3381003D637A /* Assets.xcassets */ = {isa = PBXFileReference; lastKnownFileType = folder.assetcatalog; path = Assets.xcassets; sourceTree = "<group>"; };
		D73011D81EFB3381003D637A /* Base */ = {isa = PBXFileReference; lastKnownFileType = file.storyboard; name = Base; path = Base.lproj/LaunchScreen.storyboard; sourceTree = "<group>"; };
		D73011DA1EFB3381003D637A /* Info.plist */ = {isa = PBXFileReference; lastKnownFileType = text.plist.xml; path = Info.plist; sourceTree = "<group>"; };
		D73011F71EFC1E70003D637A /* zazenBell3.mp3 */ = {isa = PBXFileReference; lastKnownFileType = audio.mp3; path = zazenBell3.mp3; sourceTree = "<group>"; };
		D73011F91EFC1E8C003D637A /* zazenBell1.mp3 */ = {isa = PBXFileReference; lastKnownFileType = audio.mp3; path = zazenBell1.mp3; sourceTree = "<group>"; };
		D76938271F1FA14600EE83A2 /* LovelyBell.mp3 */ = {isa = PBXFileReference; lastKnownFileType = audio.mp3; name = LovelyBell.mp3; path = "../../Om Design/Pop Up Zendo/Sound/LovelyBell.mp3"; sourceTree = "<group>"; };
		D793B3581F1CD27D007708FC /* templeBell.mp3 */ = {isa = PBXFileReference; lastKnownFileType = audio.mp3; name = templeBell.mp3; path = ../../../Downloads/templeBell.mp3; sourceTree = "<group>"; };
		D7AECA0A1F45185F007BA64F /* GoogleService-Info.plist */ = {isa = PBXFileReference; fileEncoding = 4; lastKnownFileType = text.plist.xml; name = "GoogleService-Info.plist"; path = "../../../Library/Containers/com.apple.mail/Data/Library/Mail Downloads/BCDEC555-CFA2-4674-869C-56A0C13AD21B/GoogleService-Info.plist"; sourceTree = "<group>"; };
		D7B8D8B11F8568AB002DB434 /* Identifiers.swift */ = {isa = PBXFileReference; fileEncoding = 4; lastKnownFileType = sourcecode.swift; name = Identifiers.swift; path = ../../Identifiers.swift; sourceTree = "<group>"; };
		D7B8D8B71F857317002DB434 /* ChannelVC.swift */ = {isa = PBXFileReference; fileEncoding = 4; lastKnownFileType = sourcecode.swift; path = ChannelVC.swift; sourceTree = "<group>"; };
		D7B8D8B81F857317002DB434 /* ChatVC.swift */ = {isa = PBXFileReference; fileEncoding = 4; lastKnownFileType = sourcecode.swift; path = ChatVC.swift; sourceTree = "<group>"; };
		D7B8D8BC1F858325002DB434 /* Pop Up Circle Test-Bridging-Header.h */ = {isa = PBXFileReference; lastKnownFileType = sourcecode.c.h; path = "Pop Up Circle Test-Bridging-Header.h"; sourceTree = "<group>"; };
		D7B8D8BD1F858326002DB434 /* SWRevealViewController.h */ = {isa = PBXFileReference; fileEncoding = 4; lastKnownFileType = sourcecode.c.h; path = SWRevealViewController.h; sourceTree = "<group>"; };
		D7B8D8BE1F858327002DB434 /* SWRevealViewController.m */ = {isa = PBXFileReference; fileEncoding = 4; lastKnownFileType = sourcecode.c.objc; path = SWRevealViewController.m; sourceTree = "<group>"; };
		D7B8D8C21F85A30B002DB434 /* GradientView.swift */ = {isa = PBXFileReference; lastKnownFileType = sourcecode.swift; path = GradientView.swift; sourceTree = "<group>"; };
		D7CC87571F00BEB60089A806 /* Image+CoreDataClass.swift */ = {isa = PBXFileReference; fileEncoding = 4; lastKnownFileType = sourcecode.swift; path = "Image+CoreDataClass.swift"; sourceTree = "<group>"; };
		D7CC87581F00BEB60089A806 /* ItemType+CoreDataClass.swift */ = {isa = PBXFileReference; fileEncoding = 4; lastKnownFileType = sourcecode.swift; path = "ItemType+CoreDataClass.swift"; sourceTree = "<group>"; };
		D7CC875A1F00BEB60089A806 /* Store+CoreDataClass.swift */ = {isa = PBXFileReference; fileEncoding = 4; lastKnownFileType = sourcecode.swift; path = "Store+CoreDataClass.swift"; sourceTree = "<group>"; };
		D7CC875F1F00BEC50089A806 /* ItemType+CoreDataProperties.swift */ = {isa = PBXFileReference; fileEncoding = 4; lastKnownFileType = sourcecode.swift; path = "ItemType+CoreDataProperties.swift"; sourceTree = "<group>"; };
		D7CC87601F00BEC50089A806 /* Image+CoreDataProperties.swift */ = {isa = PBXFileReference; fileEncoding = 4; lastKnownFileType = sourcecode.swift; path = "Image+CoreDataProperties.swift"; sourceTree = "<group>"; };
		D7CC87621F00BEC50089A806 /* Store+CoreDataProperties.swift */ = {isa = PBXFileReference; fileEncoding = 4; lastKnownFileType = sourcecode.swift; path = "Store+CoreDataProperties.swift"; sourceTree = "<group>"; };
		D7CC87671F00BEFD0089A806 /* MainVC.swift */ = {isa = PBXFileReference; fileEncoding = 4; lastKnownFileType = sourcecode.swift; path = MainVC.swift; sourceTree = "<group>"; };
		D7CC87681F00BEFD0089A806 /* ItemDetailsVC.swift */ = {isa = PBXFileReference; fileEncoding = 4; lastKnownFileType = sourcecode.swift; path = ItemDetailsVC.swift; sourceTree = "<group>"; };
		D7E3F7261F15696F00537EB1 /* Pop Up Circle Test.entitlements */ = {isa = PBXFileReference; lastKnownFileType = text.plist.entitlements; path = "Pop Up Circle Test.entitlements"; sourceTree = "<group>"; };
		D7E3F7281F15856000537EB1 /* Item+CoreDataClass.swift */ = {isa = PBXFileReference; fileEncoding = 4; lastKnownFileType = sourcecode.swift; path = "Item+CoreDataClass.swift"; sourceTree = "<group>"; };
		D7E3F72A1F15857A00537EB1 /* Item+CoreDataProperties.swift */ = {isa = PBXFileReference; fileEncoding = 4; lastKnownFileType = sourcecode.swift; path = "Item+CoreDataProperties.swift"; sourceTree = "<group>"; };
		DE80D793CE7B03509F2A6603 /* Pods-Pop Up Circle Test.debug.xcconfig */ = {isa = PBXFileReference; includeInIndex = 1; lastKnownFileType = text.xcconfig; name = "Pods-Pop Up Circle Test.debug.xcconfig"; path = "Pods/Target Support Files/Pods-Pop Up Circle Test/Pods-Pop Up Circle Test.debug.xcconfig"; sourceTree = "<group>"; };
/* End PBXFileReference section */

/* Begin PBXFrameworksBuildPhase section */
		D73011C51EFB3381003D637A /* Frameworks */ = {
			isa = PBXFrameworksBuildPhase;
			buildActionMask = 2147483647;
			files = (
				CAF1E6FB6BC534CC3E320F2F /* Pods_Pop_Up_Circle_Test.framework in Frameworks */,
			);
			runOnlyForDeploymentPostprocessing = 0;
		};
/* End PBXFrameworksBuildPhase section */

/* Begin PBXGroup section */
		458FF4941F612FFC8E62DEE5 /* Frameworks */ = {
			isa = PBXGroup;
			children = (
				43A04C9FFF92B9594A354A9B /* Pods_Pop_Up_Circle_Test.framework */,
			);
			name = Frameworks;
			sourceTree = "<group>";
		};
		860504ED55FE8C9460E05A12 /* Pods */ = {
			isa = PBXGroup;
			children = (
				DE80D793CE7B03509F2A6603 /* Pods-Pop Up Circle Test.debug.xcconfig */,
				B75A63C4C7962CCF16EF68C3 /* Pods-Pop Up Circle Test.release.xcconfig */,
			);
			name = Pods;
			sourceTree = "<group>";
		};
		D703D4AB1F0401DE00580685 /* Resources */ = {
			isa = PBXGroup;
			children = (
				D73011F91EFC1E8C003D637A /* zazenBell1.mp3 */,
				D73011F71EFC1E70003D637A /* zazenBell3.mp3 */,
				D76938271F1FA14600EE83A2 /* LovelyBell.mp3 */,
				D793B3581F1CD27D007708FC /* templeBell.mp3 */,
			);
			name = Resources;
			sourceTree = "<group>";
		};
		D73011BF1EFB3381003D637A = {
			isa = PBXGroup;
			children = (
				D73011CA1EFB3381003D637A /* Pop Up Circle Test */,
				D73011C91EFB3381003D637A /* Products */,
				860504ED55FE8C9460E05A12 /* Pods */,
				458FF4941F612FFC8E62DEE5 /* Frameworks */,
			);
			sourceTree = "<group>";
		};
		D73011C91EFB3381003D637A /* Products */ = {
			isa = PBXGroup;
			children = (
				D73011C81EFB3381003D637A /* Pop Up Circle Test.app */,
			);
			name = Products;
			sourceTree = "<group>";
		};
		D73011CA1EFB3381003D637A /* Pop Up Circle Test */ = {
			isa = PBXGroup;
			children = (
				D7E3F7261F15696F00537EB1 /* Pop Up Circle Test.entitlements */,
				D703D4AB1F0401DE00580685 /* Resources */,
				D73011E01EFB33EA003D637A /* Model */,
				D73011E11EFB33FA003D637A /* View */,
				D7B8D8B31F8572DD002DB434 /* Supporting Files */,
				D73011E21EFB3400003D637A /* Controller */,
				D73011CB1EFB3381003D637A /* AppDelegate.swift */,
				D73011D51EFB3381003D637A /* Assets.xcassets */,
				D73011CF1EFB3381003D637A /* Main.storyboard */,
				D73011D71EFB3381003D637A /* LaunchScreen.storyboard */,
				D73011DA1EFB3381003D637A /* Info.plist */,
				D7AECA0A1F45185F007BA64F /* GoogleService-Info.plist */,
				D703D4A11F01D11100580685 /* DreamLister.xcdatamodel */,
			);
			path = "Pop Up Circle Test";
			sourceTree = "<group>";
		};
		D73011E01EFB33EA003D637A /* Model */ = {
			isa = PBXGroup;
			children = (
				D7CC87571F00BEB60089A806 /* Image+CoreDataClass.swift */,
				D7E3F7281F15856000537EB1 /* Item+CoreDataClass.swift */,
				D7CC87581F00BEB60089A806 /* ItemType+CoreDataClass.swift */,
				D7CC875A1F00BEB60089A806 /* Store+CoreDataClass.swift */,
				D73011EA1EFB6984003D637A /* Generated */,
			);
			name = Model;
			sourceTree = "<group>";
		};
		D73011E11EFB33FA003D637A /* View */ = {
			isa = PBXGroup;
			children = (
				D7B8D8B11F8568AB002DB434 /* Identifiers.swift */,
				D7079F221F06127500026B21 /* DharmaCell.swift */,
				D7079F231F06127500026B21 /* DharmaRock.swift */,
				D703D49B1F01ACB500580685 /* MaterialView.swift */,
				D703D49C1F01ACB500580685 /* ItemCell.swift */,
				D703D49D1F01ACB500580685 /* CustomTextField.swift */,
				D7B8D8C21F85A30B002DB434 /* GradientView.swift */,
			);
			name = View;
			sourceTree = "<group>";
		};
		D73011E21EFB3400003D637A /* Controller */ = {
			isa = PBXGroup;
			children = (
				D7B8D8B71F857317002DB434 /* ChannelVC.swift */,
				D7B8D8B81F857317002DB434 /* ChatVC.swift */,
				D7079F201F0611DD00026B21 /* VideoVC.swift */,
				D7079F2A1F06B91100026B21 /* LearningVC.swift */,
				D7CC87671F00BEFD0089A806 /* MainVC.swift */,
				D7CC87681F00BEFD0089A806 /* ItemDetailsVC.swift */,
				D73011CD1EFB3381003D637A /* TimerViewController.swift */,
			);
			name = Controller;
			sourceTree = "<group>";
		};
		D73011EA1EFB6984003D637A /* Generated */ = {
			isa = PBXGroup;
			children = (
				D7CC875F1F00BEC50089A806 /* ItemType+CoreDataProperties.swift */,
				D7E3F72A1F15857A00537EB1 /* Item+CoreDataProperties.swift */,
				D7CC87601F00BEC50089A806 /* Image+CoreDataProperties.swift */,
				D7CC87621F00BEC50089A806 /* Store+CoreDataProperties.swift */,
			);
			name = Generated;
			sourceTree = "<group>";
		};
		D7B8D8B31F8572DD002DB434 /* Supporting Files */ = {
			isa = PBXGroup;
			children = (
				D7B8D8BD1F858326002DB434 /* SWRevealViewController.h */,
				D7B8D8BE1F858327002DB434 /* SWRevealViewController.m */,
				D7B8D8BC1F858325002DB434 /* Pop Up Circle Test-Bridging-Header.h */,
			);
			path = "Supporting Files";
			sourceTree = "<group>";
		};
/* End PBXGroup section */

/* Begin PBXNativeTarget section */
		D73011C71EFB3381003D637A /* Pop Up Circle Test */ = {
			isa = PBXNativeTarget;
			buildConfigurationList = D73011DD1EFB3381003D637A /* Build configuration list for PBXNativeTarget "Pop Up Circle Test" */;
			buildPhases = (
				EDC827825A5F3B8CE4D76CFD /* [CP] Check Pods Manifest.lock */,
				D73011C41EFB3381003D637A /* Sources */,
				D73011C51EFB3381003D637A /* Frameworks */,
				D73011C61EFB3381003D637A /* Resources */,
				D0BA08CC4D837B2DF9A6F33C /* [CP] Embed Pods Frameworks */,
				41E4B5A615C7649C4F175AD8 /* [CP] Copy Pods Resources */,
			);
			buildRules = (
			);
			dependencies = (
			);
			name = "Pop Up Circle Test";
			productName = "Pop Up Circle Test";
			productReference = D73011C81EFB3381003D637A /* Pop Up Circle Test.app */;
			productType = "com.apple.product-type.application";
		};
/* End PBXNativeTarget section */

/* Begin PBXProject section */
		D73011C01EFB3381003D637A /* Project object */ = {
			isa = PBXProject;
			attributes = {
				LastSwiftUpdateCheck = 0830;
				LastUpgradeCheck = 0900;
				ORGANIZATIONNAME = "Om Design";
				TargetAttributes = {
					D73011C71EFB3381003D637A = {
						CreatedOnToolsVersion = 8.3.3;
						DevelopmentTeam = 93HG3CWZZK;
						LastSwiftMigration = 0910;
						ProvisioningStyle = Automatic;
						SystemCapabilities = {
							com.apple.Push = {
								enabled = 1;
							};
						};
					};
				};
			};
			buildConfigurationList = D73011C31EFB3381003D637A /* Build configuration list for PBXProject "Pop Up Circle Test" */;
			compatibilityVersion = "Xcode 3.2";
			developmentRegion = English;
			hasScannedForEncodings = 0;
			knownRegions = (
				en,
				Base,
			);
			mainGroup = D73011BF1EFB3381003D637A;
			productRefGroup = D73011C91EFB3381003D637A /* Products */;
			projectDirPath = "";
			projectRoot = "";
			targets = (
				D73011C71EFB3381003D637A /* Pop Up Circle Test */,
			);
		};
/* End PBXProject section */

/* Begin PBXResourcesBuildPhase section */
		D73011C61EFB3381003D637A /* Resources */ = {
			isa = PBXResourcesBuildPhase;
			buildActionMask = 2147483647;
			files = (
				D73011F81EFC1E70003D637A /* zazenBell3.mp3 in Resources */,
				D7AECA0B1F45185F007BA64F /* GoogleService-Info.plist in Resources */,
				D73011D91EFB3381003D637A /* LaunchScreen.storyboard in Resources */,
				D73011FA1EFC1E8C003D637A /* zazenBell1.mp3 in Resources */,
				D73011D61EFB3381003D637A /* Assets.xcassets in Resources */,
				D793B3591F1CD27D007708FC /* templeBell.mp3 in Resources */,
				D73011D11EFB3381003D637A /* Main.storyboard in Resources */,
				D76938281F1FA14700EE83A2 /* LovelyBell.mp3 in Resources */,
			);
			runOnlyForDeploymentPostprocessing = 0;
		};
/* End PBXResourcesBuildPhase section */

/* Begin PBXShellScriptBuildPhase section */
		41E4B5A615C7649C4F175AD8 /* [CP] Copy Pods Resources */ = {
			isa = PBXShellScriptBuildPhase;
			buildActionMask = 2147483647;
			files = (
			);
			inputPaths = (
			);
			name = "[CP] Copy Pods Resources";
			outputPaths = (
			);
			runOnlyForDeploymentPostprocessing = 0;
			shellPath = /bin/sh;
			shellScript = "\"${SRCROOT}/Pods/Target Support Files/Pods-Pop Up Circle Test/Pods-Pop Up Circle Test-resources.sh\"\n";
			showEnvVarsInLog = 0;
		};
		D0BA08CC4D837B2DF9A6F33C /* [CP] Embed Pods Frameworks */ = {
			isa = PBXShellScriptBuildPhase;
			buildActionMask = 2147483647;
			files = (
			);
			inputPaths = (
			);
			name = "[CP] Embed Pods Frameworks";
			outputPaths = (
			);
			runOnlyForDeploymentPostprocessing = 0;
			shellPath = /bin/sh;
			shellScript = "\"${SRCROOT}/Pods/Target Support Files/Pods-Pop Up Circle Test/Pods-Pop Up Circle Test-frameworks.sh\"\n";
			showEnvVarsInLog = 0;
		};
		EDC827825A5F3B8CE4D76CFD /* [CP] Check Pods Manifest.lock */ = {
			isa = PBXShellScriptBuildPhase;
			buildActionMask = 2147483647;
			files = (
			);
			inputPaths = (
			);
			name = "[CP] Check Pods Manifest.lock";
			outputPaths = (
			);
			runOnlyForDeploymentPostprocessing = 0;
			shellPath = /bin/sh;
			shellScript = "diff \"${PODS_PODFILE_DIR_PATH}/Podfile.lock\" \"${PODS_ROOT}/Manifest.lock\" > /dev/null\nif [ $? != 0 ] ; then\n    # print error to STDERR\n    echo \"error: The sandbox is not in sync with the Podfile.lock. Run 'pod install' or update your CocoaPods installation.\" >&2\n    exit 1\nfi\n";
			showEnvVarsInLog = 0;
		};
/* End PBXShellScriptBuildPhase section */

/* Begin PBXSourcesBuildPhase section */
		D73011C41EFB3381003D637A /* Sources */ = {
			isa = PBXSourcesBuildPhase;
			buildActionMask = 2147483647;
			files = (
				D7B8D8BA1F857317002DB434 /* ChatVC.swift in Sources */,
				D7E3F72B1F15857A00537EB1 /* Item+CoreDataProperties.swift in Sources */,
				D7CC876A1F00BEFD0089A806 /* ItemDetailsVC.swift in Sources */,
				D7079F251F06127500026B21 /* DharmaRock.swift in Sources */,
				D7079F211F0611DD00026B21 /* VideoVC.swift in Sources */,
				D7B8D8B21F8568AB002DB434 /* Identifiers.swift in Sources */,
				D7CC875E1F00BEB60089A806 /* Store+CoreDataClass.swift in Sources */,
				D7E3F7291F15856100537EB1 /* Item+CoreDataClass.swift in Sources */,
				D703D49E1F01ACB500580685 /* MaterialView.swift in Sources */,
				D703D49F1F01ACB500580685 /* ItemCell.swift in Sources */,
				D7CC875C1F00BEB60089A806 /* ItemType+CoreDataClass.swift in Sources */,
				D7B8D8BF1F858327002DB434 /* SWRevealViewController.m in Sources */,
				D7079F241F06127500026B21 /* DharmaCell.swift in Sources */,
				D7CC875B1F00BEB60089A806 /* Image+CoreDataClass.swift in Sources */,
				D703D4A21F01D11100580685 /* DreamLister.xcdatamodel in Sources */,
				D7CC87691F00BEFD0089A806 /* MainVC.swift in Sources */,
				D73011CE1EFB3381003D637A /* TimerViewController.swift in Sources */,
				D7CC87661F00BEC50089A806 /* Store+CoreDataProperties.swift in Sources */,
				D7CC87631F00BEC50089A806 /* ItemType+CoreDataProperties.swift in Sources */,
				D7079F2B1F06B91100026B21 /* LearningVC.swift in Sources */,
				D73011CC1EFB3381003D637A /* AppDelegate.swift in Sources */,
				D7B8D8B91F857317002DB434 /* ChannelVC.swift in Sources */,
				D7B8D8C31F85A30B002DB434 /* GradientView.swift in Sources */,
				D7CC87641F00BEC50089A806 /* Image+CoreDataProperties.swift in Sources */,
				D703D4A01F01ACB500580685 /* CustomTextField.swift in Sources */,
			);
			runOnlyForDeploymentPostprocessing = 0;
		};
/* End PBXSourcesBuildPhase section */

/* Begin PBXVariantGroup section */
		D73011CF1EFB3381003D637A /* Main.storyboard */ = {
			isa = PBXVariantGroup;
			children = (
				D73011D01EFB3381003D637A /* Base */,
			);
			name = Main.storyboard;
			sourceTree = "<group>";
		};
		D73011D71EFB3381003D637A /* LaunchScreen.storyboard */ = {
			isa = PBXVariantGroup;
			children = (
				D73011D81EFB3381003D637A /* Base */,
			);
			name = LaunchScreen.storyboard;
			sourceTree = "<group>";
		};
/* End PBXVariantGroup section */

/* Begin XCBuildConfiguration section */
		D73011DB1EFB3381003D637A /* Debug */ = {
			isa = XCBuildConfiguration;
			buildSettings = {
				ALWAYS_SEARCH_USER_PATHS = NO;
				CLANG_ANALYZER_NONNULL = YES;
				CLANG_ANALYZER_NUMBER_OBJECT_CONVERSION = YES_AGGRESSIVE;
				CLANG_CXX_LANGUAGE_STANDARD = "gnu++0x";
				CLANG_CXX_LIBRARY = "libc++";
				CLANG_ENABLE_MODULES = YES;
				CLANG_ENABLE_OBJC_ARC = YES;
				CLANG_WARN_BLOCK_CAPTURE_AUTORELEASING = YES;
				CLANG_WARN_BOOL_CONVERSION = YES;
				CLANG_WARN_COMMA = YES;
				CLANG_WARN_CONSTANT_CONVERSION = YES;
				CLANG_WARN_DIRECT_OBJC_ISA_USAGE = YES_ERROR;
				CLANG_WARN_DOCUMENTATION_COMMENTS = YES;
				CLANG_WARN_EMPTY_BODY = YES;
				CLANG_WARN_ENUM_CONVERSION = YES;
				CLANG_WARN_INFINITE_RECURSION = YES;
				CLANG_WARN_INT_CONVERSION = YES;
				CLANG_WARN_NON_LITERAL_NULL_CONVERSION = YES;
				CLANG_WARN_OBJC_LITERAL_CONVERSION = YES;
				CLANG_WARN_OBJC_ROOT_CLASS = YES_ERROR;
				CLANG_WARN_RANGE_LOOP_ANALYSIS = YES;
				CLANG_WARN_STRICT_PROTOTYPES = YES;
				CLANG_WARN_SUSPICIOUS_MOVE = YES;
				CLANG_WARN_UNREACHABLE_CODE = YES;
				CLANG_WARN__DUPLICATE_METHOD_MATCH = YES;
				"CODE_SIGN_IDENTITY[sdk=iphoneos*]" = "iPhone Developer";
				COPY_PHASE_STRIP = NO;
				DEBUG_INFORMATION_FORMAT = dwarf;
				ENABLE_STRICT_OBJC_MSGSEND = YES;
				ENABLE_TESTABILITY = YES;
				GCC_C_LANGUAGE_STANDARD = gnu99;
				GCC_DYNAMIC_NO_PIC = NO;
				GCC_NO_COMMON_BLOCKS = YES;
				GCC_OPTIMIZATION_LEVEL = 0;
				GCC_PREPROCESSOR_DEFINITIONS = (
					"DEBUG=1",
					"$(inherited)",
				);
				GCC_WARN_64_TO_32_BIT_CONVERSION = YES;
				GCC_WARN_ABOUT_RETURN_TYPE = YES_ERROR;
				GCC_WARN_UNDECLARED_SELECTOR = YES;
				GCC_WARN_UNINITIALIZED_AUTOS = YES_AGGRESSIVE;
				GCC_WARN_UNUSED_FUNCTION = YES;
				GCC_WARN_UNUSED_VARIABLE = YES;
				IPHONEOS_DEPLOYMENT_TARGET = 10.3;
				MTL_ENABLE_DEBUG_INFO = YES;
				ONLY_ACTIVE_ARCH = YES;
				SDKROOT = iphoneos;
				SWIFT_ACTIVE_COMPILATION_CONDITIONS = DEBUG;
				SWIFT_OPTIMIZATION_LEVEL = "-Onone";
				TARGETED_DEVICE_FAMILY = "1,2";
			};
			name = Debug;
		};
		D73011DC1EFB3381003D637A /* Release */ = {
			isa = XCBuildConfiguration;
			buildSettings = {
				ALWAYS_SEARCH_USER_PATHS = NO;
				CLANG_ANALYZER_NONNULL = YES;
				CLANG_ANALYZER_NUMBER_OBJECT_CONVERSION = YES_AGGRESSIVE;
				CLANG_CXX_LANGUAGE_STANDARD = "gnu++0x";
				CLANG_CXX_LIBRARY = "libc++";
				CLANG_ENABLE_MODULES = YES;
				CLANG_ENABLE_OBJC_ARC = YES;
				CLANG_WARN_BLOCK_CAPTURE_AUTORELEASING = YES;
				CLANG_WARN_BOOL_CONVERSION = YES;
				CLANG_WARN_COMMA = YES;
				CLANG_WARN_CONSTANT_CONVERSION = YES;
				CLANG_WARN_DIRECT_OBJC_ISA_USAGE = YES_ERROR;
				CLANG_WARN_DOCUMENTATION_COMMENTS = YES;
				CLANG_WARN_EMPTY_BODY = YES;
				CLANG_WARN_ENUM_CONVERSION = YES;
				CLANG_WARN_INFINITE_RECURSION = YES;
				CLANG_WARN_INT_CONVERSION = YES;
				CLANG_WARN_NON_LITERAL_NULL_CONVERSION = YES;
				CLANG_WARN_OBJC_LITERAL_CONVERSION = YES;
				CLANG_WARN_OBJC_ROOT_CLASS = YES_ERROR;
				CLANG_WARN_RANGE_LOOP_ANALYSIS = YES;
				CLANG_WARN_STRICT_PROTOTYPES = YES;
				CLANG_WARN_SUSPICIOUS_MOVE = YES;
				CLANG_WARN_UNREACHABLE_CODE = YES;
				CLANG_WARN__DUPLICATE_METHOD_MATCH = YES;
				"CODE_SIGN_IDENTITY[sdk=iphoneos*]" = "iPhone Developer";
				COPY_PHASE_STRIP = NO;
				DEBUG_INFORMATION_FORMAT = "dwarf-with-dsym";
				ENABLE_NS_ASSERTIONS = NO;
				ENABLE_STRICT_OBJC_MSGSEND = YES;
				GCC_C_LANGUAGE_STANDARD = gnu99;
				GCC_NO_COMMON_BLOCKS = YES;
				GCC_WARN_64_TO_32_BIT_CONVERSION = YES;
				GCC_WARN_ABOUT_RETURN_TYPE = YES_ERROR;
				GCC_WARN_UNDECLARED_SELECTOR = YES;
				GCC_WARN_UNINITIALIZED_AUTOS = YES_AGGRESSIVE;
				GCC_WARN_UNUSED_FUNCTION = YES;
				GCC_WARN_UNUSED_VARIABLE = YES;
				IPHONEOS_DEPLOYMENT_TARGET = 10.3;
				MTL_ENABLE_DEBUG_INFO = NO;
				SDKROOT = iphoneos;
				SWIFT_OPTIMIZATION_LEVEL = "-Owholemodule";
				TARGETED_DEVICE_FAMILY = "1,2";
				VALIDATE_PRODUCT = YES;
			};
			name = Release;
		};
		D73011DE1EFB3381003D637A /* Debug */ = {
			isa = XCBuildConfiguration;
			baseConfigurationReference = DE80D793CE7B03509F2A6603 /* Pods-Pop Up Circle Test.debug.xcconfig */;
			buildSettings = {
				ASSETCATALOG_COMPILER_APPICON_NAME = AppIcon;
				CLANG_ENABLE_MODULES = YES;
				CODE_SIGN_ENTITLEMENTS = "Pop Up Circle Test/Pop Up Circle Test.entitlements";
				"CODE_SIGN_IDENTITY[sdk=iphoneos*]" = "iPhone Developer";
				DEVELOPMENT_TEAM = 93HG3CWZZK;
				INFOPLIST_FILE = "Pop Up Circle Test/Info.plist";
				IPHONEOS_DEPLOYMENT_TARGET = 10.3;
				LD_RUNPATH_SEARCH_PATHS = "$(inherited) @executable_path/Frameworks";
				OTHER_LDFLAGS = (
					"$(inherited)",
					"-ObjC",
					"-l\"c++\"",
					"-l\"icucore\"",
					"-l\"sqlite3\"",
					"-l\"z\"",
					"-framework",
					"\"AVFoundation\"",
					"-framework",
					"\"Accounts\"",
					"-framework",
					"\"AddressBook\"",
					"-framework",
					"\"Bolts\"",
					"-framework",
					"\"CFNetwork\"",
					"-framework",
					"\"CHDayPicker\"",
					"-framework",
					"\"CoreData\"",
					"-framework",
					"\"CoreGraphics\"",
					"-framework",
					"\"CoreMedia\"",
					"-framework",
					"\"CoreText\"",
					"-framework",
					"\"DLRadioButton\"",
					"-framework",
					"\"FBSDKCoreKit\"",
					"-framework",
					"\"FBSDKLoginKit\"",
					"-framework",
					"\"FirebaseAnalytics\"",
					"-framework",
					"\"FirebaseAuth\"",
					"-framework",
					"\"FirebaseAuthUI\"",
					"-framework",
					"\"FirebaseCore\"",
					"-framework",
					"\"FirebaseCoreDiagnostics\"",
					"-framework",
					"\"FirebaseDatabase\"",
					"-framework",
					"\"FirebaseDatabaseUI\"",
					"-framework",
					"\"FirebaseFacebookAuthUI\"",
					"-framework",
					"\"FirebaseGoogleAuthUI\"",
					"-framework",
					"\"FirebaseInstanceID\"",
					"-framework",
					"\"FirebaseMessaging\"",
					"-framework",
					"\"FirebaseNanoPB\"",
					"-framework",
					"\"FirebasePhoneAuthUI\"",
					"-framework",
					"\"FirebaseStorage\"",
					"-framework",
					"\"FirebaseStorageUI\"",
					"-framework",
					"\"FirebaseTwitterAuthUI\"",
					"-framework",
					"\"Foundation\"",
					"-framework",
					"\"GTMOAuth2\"",
					"-framework",
					"\"GTMSessionFetcher\"",
					"-framework",
					"\"GoogleSignIn\"",
					"-framework",
					"\"GoogleToolboxForMac\"",
					"-framework",
					"\"KDCircularProgress\"",
					"-framework",
					"\"MobileCoreServices\"",
					"-framework",
					"\"Protobuf\"",
					"-framework",
					"\"QuartzCore\"",
					"-framework",
					"\"SDWebImage\"",
					"-framework",
					"\"SafariServices\"",
					"-framework",
					"\"Security\"",
					"-framework",
					"\"Social\"",
					"-framework",
					"\"StoreKit\"",
					"-framework",
					"\"SystemConfiguration\"",
					"-framework",
					"\"TwitterCore\"",
					"-framework",
					"\"TwitterKit\"",
					"-framework",
					"\"UIKit\"",
				);
				PRODUCT_BUNDLE_IDENTIFIER = com.popupzendo;
				PRODUCT_NAME = "$(TARGET_NAME)";
				SWIFT_OBJC_BRIDGING_HEADER = "Pop Up Circle Test/Supporting Files/Pop Up Circle Test-Bridging-Header.h";
				SWIFT_OPTIMIZATION_LEVEL = "-Onone";
				SWIFT_SWIFT3_OBJC_INFERENCE = On;
				SWIFT_VERSION = 3.0;
			};
			name = Debug;
		};
		D73011DF1EFB3381003D637A /* Release */ = {
			isa = XCBuildConfiguration;
			baseConfigurationReference = B75A63C4C7962CCF16EF68C3 /* Pods-Pop Up Circle Test.release.xcconfig */;
			buildSettings = {
				ASSETCATALOG_COMPILER_APPICON_NAME = AppIcon;
				CLANG_ENABLE_MODULES = YES;
				CODE_SIGN_ENTITLEMENTS = "Pop Up Circle Test/Pop Up Circle Test.entitlements";
				"CODE_SIGN_IDENTITY[sdk=iphoneos*]" = "iPhone Developer";
				DEVELOPMENT_TEAM = 93HG3CWZZK;
				INFOPLIST_FILE = "Pop Up Circle Test/Info.plist";
				IPHONEOS_DEPLOYMENT_TARGET = 10.3;
				LD_RUNPATH_SEARCH_PATHS = "$(inherited) @executable_path/Frameworks";
				OTHER_LDFLAGS = (
					"$(inherited)",
					"-ObjC",
					"-l\"c++\"",
					"-l\"icucore\"",
					"-l\"sqlite3\"",
					"-l\"z\"",
					"-framework",
					"\"AVFoundation\"",
					"-framework",
					"\"Accounts\"",
					"-framework",
					"\"AddressBook\"",
					"-framework",
					"\"Bolts\"",
					"-framework",
					"\"CFNetwork\"",
					"-framework",
					"\"CHDayPicker\"",
					"-framework",
					"\"CoreData\"",
					"-framework",
					"\"CoreGraphics\"",
					"-framework",
					"\"CoreMedia\"",
					"-framework",
					"\"CoreText\"",
					"-framework",
					"\"DLRadioButton\"",
					"-framework",
					"\"FBSDKCoreKit\"",
					"-framework",
					"\"FBSDKLoginKit\"",
					"-framework",
					"\"FirebaseAnalytics\"",
					"-framework",
					"\"FirebaseAuth\"",
					"-framework",
					"\"FirebaseAuthUI\"",
					"-framework",
					"\"FirebaseCore\"",
					"-framework",
					"\"FirebaseCoreDiagnostics\"",
					"-framework",
					"\"FirebaseDatabase\"",
					"-framework",
					"\"FirebaseDatabaseUI\"",
					"-framework",
					"\"FirebaseFacebookAuthUI\"",
					"-framework",
					"\"FirebaseGoogleAuthUI\"",
					"-framework",
					"\"FirebaseInstanceID\"",
					"-framework",
					"\"FirebaseMessaging\"",
					"-framework",
					"\"FirebaseNanoPB\"",
					"-framework",
					"\"FirebasePhoneAuthUI\"",
					"-framework",
					"\"FirebaseStorage\"",
					"-framework",
					"\"FirebaseStorageUI\"",
					"-framework",
					"\"FirebaseTwitterAuthUI\"",
					"-framework",
					"\"Foundation\"",
					"-framework",
					"\"GTMOAuth2\"",
					"-framework",
					"\"GTMSessionFetcher\"",
					"-framework",
					"\"GoogleSignIn\"",
					"-framework",
					"\"GoogleToolboxForMac\"",
					"-framework",
					"\"KDCircularProgress\"",
					"-framework",
					"\"MobileCoreServices\"",
					"-framework",
					"\"Protobuf\"",
					"-framework",
					"\"QuartzCore\"",
					"-framework",
					"\"SDWebImage\"",
					"-framework",
					"\"SafariServices\"",
					"-framework",
					"\"Security\"",
					"-framework",
					"\"Social\"",
					"-framework",
					"\"StoreKit\"",
					"-framework",
					"\"SystemConfiguration\"",
					"-framework",
					"\"TwitterCore\"",
					"-framework",
					"\"TwitterKit\"",
					"-framework",
					"\"UIKit\"",
				);
				PRODUCT_BUNDLE_IDENTIFIER = com.popupzendo;
				PRODUCT_NAME = "$(TARGET_NAME)";
				SWIFT_OBJC_BRIDGING_HEADER = "Pop Up Circle Test/Supporting Files/Pop Up Circle Test-Bridging-Header.h";
				SWIFT_OPTIMIZATION_LEVEL = "-Onone";
				SWIFT_SWIFT3_OBJC_INFERENCE = On;
				SWIFT_VERSION = 3.0;
			};
			name = Release;
		};
/* End XCBuildConfiguration section */

/* Begin XCConfigurationList section */
		D73011C31EFB3381003D637A /* Build configuration list for PBXProject "Pop Up Circle Test" */ = {
			isa = XCConfigurationList;
			buildConfigurations = (
				D73011DB1EFB3381003D637A /* Debug */,
				D73011DC1EFB3381003D637A /* Release */,
			);
			defaultConfigurationIsVisible = 0;
			defaultConfigurationName = Release;
		};
		D73011DD1EFB3381003D637A /* Build configuration list for PBXNativeTarget "Pop Up Circle Test" */ = {
			isa = XCConfigurationList;
			buildConfigurations = (
				D73011DE1EFB3381003D637A /* Debug */,
				D73011DF1EFB3381003D637A /* Release */,
			);
			defaultConfigurationIsVisible = 0;
			defaultConfigurationName = Release;
		};
/* End XCConfigurationList section */
	};
	rootObject = D73011C01EFB3381003D637A /* Project object */;
}
