// !$*UTF8*$!
{
	archiveVersion = 1;
	classes = {
	};
	objectVersion = 46;
	objects = {

/* Begin PBXBuildFile section */
		B8A6D5BD2B7B0ECEA3D67AF5 /* Pods_Pop_Up_Circle_Test.framework in Frameworks */ = {isa = PBXBuildFile; fileRef = 69E1FABD62D41FA1C2B31704 /* Pods_Pop_Up_Circle_Test.framework */; };
		D703D49E1F01ACB500580685 /* MaterialView.swift in Sources */ = {isa = PBXBuildFile; fileRef = D703D49B1F01ACB500580685 /* MaterialView.swift */; };
		D703D49F1F01ACB500580685 /* ItemCell.swift in Sources */ = {isa = PBXBuildFile; fileRef = D703D49C1F01ACB500580685 /* ItemCell.swift */; };
		D703D4A01F01ACB500580685 /* CustomTextField.swift in Sources */ = {isa = PBXBuildFile; fileRef = D703D49D1F01ACB500580685 /* CustomTextField.swift */; };
		D703D4A21F01D11100580685 /* DreamLister.xcdatamodel in Sources */ = {isa = PBXBuildFile; fileRef = D703D4A11F01D11100580685 /* DreamLister.xcdatamodel */; };
		D7079F211F0611DD00026B21 /* VideoVC.swift in Sources */ = {isa = PBXBuildFile; fileRef = D7079F201F0611DD00026B21 /* VideoVC.swift */; };
		D7079F241F06127500026B21 /* DharmaCell.swift in Sources */ = {isa = PBXBuildFile; fileRef = D7079F221F06127500026B21 /* DharmaCell.swift */; };
		D7079F251F06127500026B21 /* DharmaRock.swift in Sources */ = {isa = PBXBuildFile; fileRef = D7079F231F06127500026B21 /* DharmaRock.swift */; };
		D7079F2B1F06B91100026B21 /* LearningVC.swift in Sources */ = {isa = PBXBuildFile; fileRef = D7079F2A1F06B91100026B21 /* LearningVC.swift */; };
		D7237B37209CD6580070430D /* LoginVC.swift in Sources */ = {isa = PBXBuildFile; fileRef = D7237B36209CD6570070430D /* LoginVC.swift */; };
		D7237B3B209E11220070430D /* Contents.json in Resources */ = {isa = PBXBuildFile; fileRef = D7237B39209E11210070430D /* Contents.json */; };
		D7237B3C209E11220070430D /* amanda-flavell-21988.jpg in Resources */ = {isa = PBXBuildFile; fileRef = D7237B3A209E11210070430D /* amanda-flavell-21988.jpg */; };
		D7237B40209E157D0070430D /* ic_google.png in Resources */ = {isa = PBXBuildFile; fileRef = D7237B3E209E157C0070430D /* ic_google.png */; };
		D7237B41209E157D0070430D /* Contents.json in Resources */ = {isa = PBXBuildFile; fileRef = D7237B3F209E157C0070430D /* Contents.json */; };
		D7237B43209E47750070430D /* CreateConversationVC.swift in Sources */ = {isa = PBXBuildFile; fileRef = D7237B42209E47750070430D /* CreateConversationVC.swift */; };
		D7237B47209E800A0070430D /* Group.png in Resources */ = {isa = PBXBuildFile; fileRef = D7237B46209E80080070430D /* Group.png */; };
		D73011CC1EFB3381003D637A /* AppDelegate.swift in Sources */ = {isa = PBXBuildFile; fileRef = D73011CB1EFB3381003D637A /* AppDelegate.swift */; };
		D73011CE1EFB3381003D637A /* TimerViewController.swift in Sources */ = {isa = PBXBuildFile; fileRef = D73011CD1EFB3381003D637A /* TimerViewController.swift */; };
		D73011D11EFB3381003D637A /* Main.storyboard in Resources */ = {isa = PBXBuildFile; fileRef = D73011CF1EFB3381003D637A /* Main.storyboard */; };
		D73011D91EFB3381003D637A /* LaunchScreen.storyboard in Resources */ = {isa = PBXBuildFile; fileRef = D73011D71EFB3381003D637A /* LaunchScreen.storyboard */; };
		D73011F81EFC1E70003D637A /* zazenBell3.mp3 in Resources */ = {isa = PBXBuildFile; fileRef = D73011F71EFC1E70003D637A /* zazenBell3.mp3 */; };
		D73011FA1EFC1E8C003D637A /* zazenBell1.mp3 in Resources */ = {isa = PBXBuildFile; fileRef = D73011F91EFC1E8C003D637A /* zazenBell1.mp3 */; };
		D7372AA11FA903620056AB31 /* Contents.json in Resources */ = {isa = PBXBuildFile; fileRef = D7372A8E1FA903620056AB31 /* Contents.json */; };
		D7372AA21FA903620056AB31 /* Icon-App-20x20@1x.png in Resources */ = {isa = PBXBuildFile; fileRef = D7372A8F1FA903620056AB31 /* Icon-App-20x20@1x.png */; };
		D7372AA31FA903620056AB31 /* Icon-App-20x20@2x-1.png in Resources */ = {isa = PBXBuildFile; fileRef = D7372A901FA903620056AB31 /* Icon-App-20x20@2x-1.png */; };
		D7372AA41FA903620056AB31 /* Icon-App-20x20@2x.png in Resources */ = {isa = PBXBuildFile; fileRef = D7372A911FA903620056AB31 /* Icon-App-20x20@2x.png */; };
		D7372AA51FA903620056AB31 /* Icon-App-20x20@3x.png in Resources */ = {isa = PBXBuildFile; fileRef = D7372A921FA903620056AB31 /* Icon-App-20x20@3x.png */; };
		D7372AA61FA903620056AB31 /* Icon-App-29x29@1x.png in Resources */ = {isa = PBXBuildFile; fileRef = D7372A931FA903620056AB31 /* Icon-App-29x29@1x.png */; };
		D7372AA71FA903620056AB31 /* Icon-App-29x29@2x-1.png in Resources */ = {isa = PBXBuildFile; fileRef = D7372A941FA903620056AB31 /* Icon-App-29x29@2x-1.png */; };
		D7372AA81FA903620056AB31 /* Icon-App-29x29@2x.png in Resources */ = {isa = PBXBuildFile; fileRef = D7372A951FA903620056AB31 /* Icon-App-29x29@2x.png */; };
		D7372AA91FA903620056AB31 /* Icon-App-29x29@3x-1.png in Resources */ = {isa = PBXBuildFile; fileRef = D7372A961FA903620056AB31 /* Icon-App-29x29@3x-1.png */; };
		D7372AAA1FA903620056AB31 /* Icon-App-29x29@3x.png in Resources */ = {isa = PBXBuildFile; fileRef = D7372A971FA903620056AB31 /* Icon-App-29x29@3x.png */; };
		D7372AAB1FA903620056AB31 /* Icon-App-40x40@1x.png in Resources */ = {isa = PBXBuildFile; fileRef = D7372A981FA903620056AB31 /* Icon-App-40x40@1x.png */; };
		D7372AAC1FA903620056AB31 /* Icon-App-40x40@2x-1.png in Resources */ = {isa = PBXBuildFile; fileRef = D7372A991FA903620056AB31 /* Icon-App-40x40@2x-1.png */; };
		D7372AAD1FA903620056AB31 /* Icon-App-40x40@2x.png in Resources */ = {isa = PBXBuildFile; fileRef = D7372A9A1FA903620056AB31 /* Icon-App-40x40@2x.png */; };
		D7372AAE1FA903620056AB31 /* Icon-App-60x60@2x.png in Resources */ = {isa = PBXBuildFile; fileRef = D7372A9B1FA903620056AB31 /* Icon-App-60x60@2x.png */; };
		D7372AAF1FA903620056AB31 /* Icon-App-60x60@3x.png in Resources */ = {isa = PBXBuildFile; fileRef = D7372A9C1FA903620056AB31 /* Icon-App-60x60@3x.png */; };
		D7372AB01FA903620056AB31 /* Icon-App-76x76@1x.png in Resources */ = {isa = PBXBuildFile; fileRef = D7372A9D1FA903620056AB31 /* Icon-App-76x76@1x.png */; };
		D7372AB11FA903620056AB31 /* Icon-App-76x76@2x.png in Resources */ = {isa = PBXBuildFile; fileRef = D7372A9E1FA903620056AB31 /* Icon-App-76x76@2x.png */; };
		D7372AB21FA903620056AB31 /* Icon-App-83.5x83.5@2x.png in Resources */ = {isa = PBXBuildFile; fileRef = D7372A9F1FA903620056AB31 /* Icon-App-83.5x83.5@2x.png */; };
		D7372AB31FA903620056AB31 /* marketing1024.png in Resources */ = {isa = PBXBuildFile; fileRef = D7372AA01FA903620056AB31 /* marketing1024.png */; };
		D74464041FA8DE580081D6BF /* Identifiers.swift in Sources */ = {isa = PBXBuildFile; fileRef = D74464031FA8DE580081D6BF /* Identifiers.swift */; };
		D7541F671F8E8F5E0096FDA8 /* StorageService.swift in Sources */ = {isa = PBXBuildFile; fileRef = D7541F661F8E8F5E0096FDA8 /* StorageService.swift */; };
		D7541F691F8E90FB0096FDA8 /* PostService.swift in Sources */ = {isa = PBXBuildFile; fileRef = D7541F681F8E90FB0096FDA8 /* PostService.swift */; };
		D764DD201F9FC1770039B121 /* Assets.xcassets in Resources */ = {isa = PBXBuildFile; fileRef = D764DD1F1F9FC1760039B121 /* Assets.xcassets */; };
		D76E0F4320992B2200B70AD5 /* Bodhi.swift in Sources */ = {isa = PBXBuildFile; fileRef = D76E0F4220992B2200B70AD5 /* Bodhi.swift */; };
		D76E0F472099471200B70AD5 /* FirebaseHacks.swift in Sources */ = {isa = PBXBuildFile; fileRef = D76E0F462099471200B70AD5 /* FirebaseHacks.swift */; };
		D76E0F4B209A4A6700B70AD5 /* ProfileVC.swift in Sources */ = {isa = PBXBuildFile; fileRef = D76E0F48209A4A6600B70AD5 /* ProfileVC.swift */; };
		D76E0F4C209A4A6700B70AD5 /* SanghaCell.swift in Sources */ = {isa = PBXBuildFile; fileRef = D76E0F49209A4A6700B70AD5 /* SanghaCell.swift */; };
		D76E0F4D209A4A6700B70AD5 /* SanghaVC.swift in Sources */ = {isa = PBXBuildFile; fileRef = D76E0F4A209A4A6700B70AD5 /* SanghaVC.swift */; };
		D76E0F4F209A5FD000B70AD5 /* Conversation.swift in Sources */ = {isa = PBXBuildFile; fileRef = D76E0F4E209A5FD000B70AD5 /* Conversation.swift */; };
		D76E0F55209A6BE500B70AD5 /* ConversationsVC.swift in Sources */ = {isa = PBXBuildFile; fileRef = D76E0F54209A6BE500B70AD5 /* ConversationsVC.swift */; };
		D76E0F57209A72E400B70AD5 /* ConversationCell.swift in Sources */ = {isa = PBXBuildFile; fileRef = D76E0F56209A72E400B70AD5 /* ConversationCell.swift */; };
		D76E0F59209A734D00B70AD5 /* ConversationFeedCell.swift in Sources */ = {isa = PBXBuildFile; fileRef = D76E0F58209A734D00B70AD5 /* ConversationFeedCell.swift */; };
		D76E0F5D209A751400B70AD5 /* ConversationFeedVC.swift in Sources */ = {isa = PBXBuildFile; fileRef = D76E0F5C209A751400B70AD5 /* ConversationFeedVC.swift */; };
		D7A8D0D3206AF1EC00DD45AB /* GoogleService-Info.plist in Resources */ = {isa = PBXBuildFile; fileRef = D7A8D0D2206AF1EC00DD45AB /* GoogleService-Info.plist */; };
		D7A8D0D5206AF3DA00DD45AB /* templeBell.mp3 in Resources */ = {isa = PBXBuildFile; fileRef = D7A8D0D4206AF3DA00DD45AB /* templeBell.mp3 */; };
		D7A8D0D7206AF48000DD45AB /* LovelyBell.mp3 in Resources */ = {isa = PBXBuildFile; fileRef = D7A8D0D6206AF48000DD45AB /* LovelyBell.mp3 */; };
		D7B34EA520A3BD3C0020B063 /* NotificationService.swift in Sources */ = {isa = PBXBuildFile; fileRef = D7B34EA420A3BD3C0020B063 /* NotificationService.swift */; };
		D7B34EA920A3BD3C0020B063 /* OneSignalNotificationServiceExtension.appex in Embed App Extensions */ = {isa = PBXBuildFile; fileRef = D7B34EA220A3BD3C0020B063 /* OneSignalNotificationServiceExtension.appex */; settings = {ATTRIBUTES = (RemoveHeadersOnCopy, ); }; };
		D7B353C320A3826B00207DA1 /* AppDelegate2.swift in Sources */ = {isa = PBXBuildFile; fileRef = D7B353C220A3826B00207DA1 /* AppDelegate2.swift */; };
		D7B8D8B91F857317002DB434 /* ChannelVC.swift in Sources */ = {isa = PBXBuildFile; fileRef = D7B8D8B71F857317002DB434 /* ChannelVC.swift */; };
		D7B8D8BA1F857317002DB434 /* ChatVC.swift in Sources */ = {isa = PBXBuildFile; fileRef = D7B8D8B81F857317002DB434 /* ChatVC.swift */; };
		D7B8D8BF1F858327002DB434 /* SWRevealViewController.m in Sources */ = {isa = PBXBuildFile; fileRef = D7B8D8BE1F858327002DB434 /* SWRevealViewController.m */; };
		D7B8D8C31F85A30B002DB434 /* GradientView.swift in Sources */ = {isa = PBXBuildFile; fileRef = D7B8D8C21F85A30B002DB434 /* GradientView.swift */; };
		D7B8D8DF1F86761B002DB434 /* CreateGroupsVC.swift in Sources */ = {isa = PBXBuildFile; fileRef = D7B8D8C71F86761A002DB434 /* CreateGroupsVC.swift */; };
		D7B8D8E21F86761B002DB434 /* GroupFeedVC.swift in Sources */ = {isa = PBXBuildFile; fileRef = D7B8D8CA1F86761A002DB434 /* GroupFeedVC.swift */; };
		D7B8D8E31F86761B002DB434 /* GroupsVC.swift in Sources */ = {isa = PBXBuildFile; fileRef = D7B8D8CB1F86761A002DB434 /* GroupsVC.swift */; };
		D7B8D8E51F86761B002DB434 /* MeVC.swift in Sources */ = {isa = PBXBuildFile; fileRef = D7B8D8CD1F86761A002DB434 /* MeVC.swift */; };
		D7B8D8E61F86761B002DB434 /* UIViewControllerExt.swift in Sources */ = {isa = PBXBuildFile; fileRef = D7B8D8CF1F86761A002DB434 /* UIViewControllerExt.swift */; };
		D7B8D8E71F86761B002DB434 /* UIViewExt.swift in Sources */ = {isa = PBXBuildFile; fileRef = D7B8D8D01F86761A002DB434 /* UIViewExt.swift */; };
		D7B8D8E81F86761B002DB434 /* Group.swift in Sources */ = {isa = PBXBuildFile; fileRef = D7B8D8D21F86761A002DB434 /* Group.swift */; };
		D7B8D8E91F86761B002DB434 /* Message.swift in Sources */ = {isa = PBXBuildFile; fileRef = D7B8D8D31F86761A002DB434 /* Message.swift */; };
		D7B8D8EA1F86761B002DB434 /* AuthService.swift in Sources */ = {isa = PBXBuildFile; fileRef = D7B8D8D51F86761A002DB434 /* AuthService.swift */; };
		D7B8D8EB1F86761B002DB434 /* DataService.swift in Sources */ = {isa = PBXBuildFile; fileRef = D7B8D8D61F86761A002DB434 /* DataService.swift */; };
		D7B8D8EC1F86761B002DB434 /* FeedCell.swift in Sources */ = {isa = PBXBuildFile; fileRef = D7B8D8D81F86761A002DB434 /* FeedCell.swift */; };
		D7B8D8ED1F86761B002DB434 /* GroupCell.swift in Sources */ = {isa = PBXBuildFile; fileRef = D7B8D8D91F86761A002DB434 /* GroupCell.swift */; };
		D7B8D8EE1F86761B002DB434 /* GroupFeedCell.swift in Sources */ = {isa = PBXBuildFile; fileRef = D7B8D8DA1F86761A002DB434 /* GroupFeedCell.swift */; };
		D7B8D8EF1F86761B002DB434 /* InsetTextField.swift in Sources */ = {isa = PBXBuildFile; fileRef = D7B8D8DB1F86761A002DB434 /* InsetTextField.swift */; };
		D7B8D8F01F86761B002DB434 /* ShadowView.swift in Sources */ = {isa = PBXBuildFile; fileRef = D7B8D8DC1F86761A002DB434 /* ShadowView.swift */; };
		D7B8D8F11F86761B002DB434 /* UserCell.swift in Sources */ = {isa = PBXBuildFile; fileRef = D7B8D8DD1F86761A002DB434 /* UserCell.swift */; };
		D7CC875B1F00BEB60089A806 /* Image+CoreDataClass.swift in Sources */ = {isa = PBXBuildFile; fileRef = D7CC87571F00BEB60089A806 /* Image+CoreDataClass.swift */; };
		D7CC875C1F00BEB60089A806 /* ItemType+CoreDataClass.swift in Sources */ = {isa = PBXBuildFile; fileRef = D7CC87581F00BEB60089A806 /* ItemType+CoreDataClass.swift */; };
		D7CC875E1F00BEB60089A806 /* Store+CoreDataClass.swift in Sources */ = {isa = PBXBuildFile; fileRef = D7CC875A1F00BEB60089A806 /* Store+CoreDataClass.swift */; };
		D7CC87631F00BEC50089A806 /* ItemType+CoreDataProperties.swift in Sources */ = {isa = PBXBuildFile; fileRef = D7CC875F1F00BEC50089A806 /* ItemType+CoreDataProperties.swift */; };
		D7CC87641F00BEC50089A806 /* Image+CoreDataProperties.swift in Sources */ = {isa = PBXBuildFile; fileRef = D7CC87601F00BEC50089A806 /* Image+CoreDataProperties.swift */; };
		D7CC87661F00BEC50089A806 /* Store+CoreDataProperties.swift in Sources */ = {isa = PBXBuildFile; fileRef = D7CC87621F00BEC50089A806 /* Store+CoreDataProperties.swift */; };
		D7CC87691F00BEFD0089A806 /* MainVC.swift in Sources */ = {isa = PBXBuildFile; fileRef = D7CC87671F00BEFD0089A806 /* MainVC.swift */; };
		D7CC876A1F00BEFD0089A806 /* ItemDetailsVC.swift in Sources */ = {isa = PBXBuildFile; fileRef = D7CC87681F00BEFD0089A806 /* ItemDetailsVC.swift */; };
		D7E3F7291F15856100537EB1 /* Item+CoreDataClass.swift in Sources */ = {isa = PBXBuildFile; fileRef = D7E3F7281F15856000537EB1 /* Item+CoreDataClass.swift */; };
		D7E3F72B1F15857A00537EB1 /* Item+CoreDataProperties.swift in Sources */ = {isa = PBXBuildFile; fileRef = D7E3F72A1F15857A00537EB1 /* Item+CoreDataProperties.swift */; };
		D7E4D00120A50D3C002EECC2 /* OneSignal.swift in Sources */ = {isa = PBXBuildFile; fileRef = D7E4D00020A50D3C002EECC2 /* OneSignal.swift */; };
		D7E4D00320A52CAF002EECC2 /* Test Area.swift in Sources */ = {isa = PBXBuildFile; fileRef = D7E4D00220A52CAF002EECC2 /* Test Area.swift */; };
		D7EB74781F8701CF00498F78 /* Buddha.swift in Sources */ = {isa = PBXBuildFile; fileRef = D7EB74771F8701CF00498F78 /* Buddha.swift */; };
		D7F4822A20ABA506000FE814 /* Zazen.swift in Sources */ = {isa = PBXBuildFile; fileRef = D7F4822920ABA506000FE814 /* Zazen.swift */; };
		DAA667E2CB32648D589FA4B1 /* Pods_OneSignalNotificationServiceExtension.framework in Frameworks */ = {isa = PBXBuildFile; fileRef = 2AB7B180C5DBDF8FEF43EFA3 /* Pods_OneSignalNotificationServiceExtension.framework */; };
/* End PBXBuildFile section */

/* Begin PBXContainerItemProxy section */
		D7B34EA720A3BD3C0020B063 /* PBXContainerItemProxy */ = {
			isa = PBXContainerItemProxy;
			containerPortal = D73011C01EFB3381003D637A /* Project object */;
			proxyType = 1;
			remoteGlobalIDString = D7B34EA120A3BD3C0020B063;
			remoteInfo = OneSignalNotificationServiceExtension;
		};
/* End PBXContainerItemProxy section */

/* Begin PBXCopyFilesBuildPhase section */
		D7B353D320A3AFBF00207DA1 /* Embed App Extensions */ = {
			isa = PBXCopyFilesBuildPhase;
			buildActionMask = 2147483647;
			dstPath = "";
			dstSubfolderSpec = 13;
			files = (
				D7B34EA920A3BD3C0020B063 /* OneSignalNotificationServiceExtension.appex in Embed App Extensions */,
			);
			name = "Embed App Extensions";
			runOnlyForDeploymentPostprocessing = 0;
		};
/* End PBXCopyFilesBuildPhase section */

/* Begin PBXFileReference section */
		050BFEAAC96B4EB13173207B /* Pods-OneSignalNotificationServiceExtension.debug.xcconfig */ = {isa = PBXFileReference; includeInIndex = 1; lastKnownFileType = text.xcconfig; name = "Pods-OneSignalNotificationServiceExtension.debug.xcconfig"; path = "Pods/Target Support Files/Pods-OneSignalNotificationServiceExtension/Pods-OneSignalNotificationServiceExtension.debug.xcconfig"; sourceTree = "<group>"; };
		159C523AB98021A0F7F59897 /* Pods-Pop Up Circle Test.debug.xcconfig */ = {isa = PBXFileReference; includeInIndex = 1; lastKnownFileType = text.xcconfig; name = "Pods-Pop Up Circle Test.debug.xcconfig"; path = "Pods/Target Support Files/Pods-Pop Up Circle Test/Pods-Pop Up Circle Test.debug.xcconfig"; sourceTree = "<group>"; };
		2AB7B180C5DBDF8FEF43EFA3 /* Pods_OneSignalNotificationServiceExtension.framework */ = {isa = PBXFileReference; explicitFileType = wrapper.framework; includeInIndex = 0; path = Pods_OneSignalNotificationServiceExtension.framework; sourceTree = BUILT_PRODUCTS_DIR; };
		575FE00BCA5E53D5518B0544 /* Pods-Pop Up Circle Test.release.xcconfig */ = {isa = PBXFileReference; includeInIndex = 1; lastKnownFileType = text.xcconfig; name = "Pods-Pop Up Circle Test.release.xcconfig"; path = "Pods/Target Support Files/Pods-Pop Up Circle Test/Pods-Pop Up Circle Test.release.xcconfig"; sourceTree = "<group>"; };
		69E1FABD62D41FA1C2B31704 /* Pods_Pop_Up_Circle_Test.framework */ = {isa = PBXFileReference; explicitFileType = wrapper.framework; includeInIndex = 0; path = Pods_Pop_Up_Circle_Test.framework; sourceTree = BUILT_PRODUCTS_DIR; };
		B8CCF1DBEDE180641581119C /* Pods-OneSignalNotificationServiceExtension.release.xcconfig */ = {isa = PBXFileReference; includeInIndex = 1; lastKnownFileType = text.xcconfig; name = "Pods-OneSignalNotificationServiceExtension.release.xcconfig"; path = "Pods/Target Support Files/Pods-OneSignalNotificationServiceExtension/Pods-OneSignalNotificationServiceExtension.release.xcconfig"; sourceTree = "<group>"; };
		D703D49B1F01ACB500580685 /* MaterialView.swift */ = {isa = PBXFileReference; fileEncoding = 4; lastKnownFileType = sourcecode.swift; path = MaterialView.swift; sourceTree = "<group>"; };
		D703D49C1F01ACB500580685 /* ItemCell.swift */ = {isa = PBXFileReference; fileEncoding = 4; lastKnownFileType = sourcecode.swift; path = ItemCell.swift; sourceTree = "<group>"; usesTabs = 0; };
		D703D49D1F01ACB500580685 /* CustomTextField.swift */ = {isa = PBXFileReference; fileEncoding = 4; lastKnownFileType = sourcecode.swift; path = CustomTextField.swift; sourceTree = "<group>"; };
		D703D4A11F01D11100580685 /* DreamLister.xcdatamodel */ = {isa = PBXFileReference; lastKnownFileType = wrapper.xcdatamodel; path = DreamLister.xcdatamodel; sourceTree = "<group>"; };
		D7079F201F0611DD00026B21 /* VideoVC.swift */ = {isa = PBXFileReference; fileEncoding = 4; lastKnownFileType = sourcecode.swift; path = VideoVC.swift; sourceTree = "<group>"; };
		D7079F221F06127500026B21 /* DharmaCell.swift */ = {isa = PBXFileReference; fileEncoding = 4; lastKnownFileType = sourcecode.swift; path = DharmaCell.swift; sourceTree = "<group>"; };
		D7079F231F06127500026B21 /* DharmaRock.swift */ = {isa = PBXFileReference; fileEncoding = 4; lastKnownFileType = sourcecode.swift; path = DharmaRock.swift; sourceTree = "<group>"; };
		D7079F2A1F06B91100026B21 /* LearningVC.swift */ = {isa = PBXFileReference; fileEncoding = 4; lastKnownFileType = sourcecode.swift; path = LearningVC.swift; sourceTree = "<group>"; };
		D7237B36209CD6570070430D /* LoginVC.swift */ = {isa = PBXFileReference; fileEncoding = 4; lastKnownFileType = sourcecode.swift; name = LoginVC.swift; path = "Pop Up Circle Test/LoginVC.swift"; sourceTree = SOURCE_ROOT; };
		D7237B39209E11210070430D /* Contents.json */ = {isa = PBXFileReference; fileEncoding = 4; lastKnownFileType = text.json; path = Contents.json; sourceTree = "<group>"; };
		D7237B3A209E11210070430D /* amanda-flavell-21988.jpg */ = {isa = PBXFileReference; lastKnownFileType = image.jpeg; path = "amanda-flavell-21988.jpg"; sourceTree = "<group>"; };
		D7237B3E209E157C0070430D /* ic_google.png */ = {isa = PBXFileReference; lastKnownFileType = image.png; path = ic_google.png; sourceTree = "<group>"; };
		D7237B3F209E157C0070430D /* Contents.json */ = {isa = PBXFileReference; fileEncoding = 4; lastKnownFileType = text.json; path = Contents.json; sourceTree = "<group>"; };
		D7237B42209E47750070430D /* CreateConversationVC.swift */ = {isa = PBXFileReference; lastKnownFileType = sourcecode.swift; path = CreateConversationVC.swift; sourceTree = "<group>"; };
		D7237B46209E80080070430D /* Group.png */ = {isa = PBXFileReference; lastKnownFileType = image.png; name = Group.png; path = Assets.xcassets/Group.png; sourceTree = "<group>"; };
		D73011C81EFB3381003D637A /* Pop Up Circle Test.app */ = {isa = PBXFileReference; explicitFileType = wrapper.application; includeInIndex = 0; path = "Pop Up Circle Test.app"; sourceTree = BUILT_PRODUCTS_DIR; };
		D73011CB1EFB3381003D637A /* AppDelegate.swift */ = {isa = PBXFileReference; lastKnownFileType = sourcecode.swift; path = AppDelegate.swift; sourceTree = "<group>"; };
		D73011CD1EFB3381003D637A /* TimerViewController.swift */ = {isa = PBXFileReference; lastKnownFileType = sourcecode.swift; path = TimerViewController.swift; sourceTree = "<group>"; };
		D73011D01EFB3381003D637A /* Base */ = {isa = PBXFileReference; lastKnownFileType = file.storyboard; name = Base; path = Base.lproj/Main.storyboard; sourceTree = "<group>"; };
		D73011D81EFB3381003D637A /* Base */ = {isa = PBXFileReference; lastKnownFileType = file.storyboard; name = Base; path = Base.lproj/LaunchScreen.storyboard; sourceTree = "<group>"; };
		D73011DA1EFB3381003D637A /* Info.plist */ = {isa = PBXFileReference; lastKnownFileType = text.plist.xml; path = Info.plist; sourceTree = "<group>"; };
		D73011F71EFC1E70003D637A /* zazenBell3.mp3 */ = {isa = PBXFileReference; lastKnownFileType = audio.mp3; path = zazenBell3.mp3; sourceTree = "<group>"; };
		D73011F91EFC1E8C003D637A /* zazenBell1.mp3 */ = {isa = PBXFileReference; lastKnownFileType = audio.mp3; path = zazenBell1.mp3; sourceTree = "<group>"; };
		D7372A8E1FA903620056AB31 /* Contents.json */ = {isa = PBXFileReference; fileEncoding = 4; lastKnownFileType = text.json; path = Contents.json; sourceTree = "<group>"; };
		D7372A8F1FA903620056AB31 /* Icon-App-20x20@1x.png */ = {isa = PBXFileReference; lastKnownFileType = image.png; path = "Icon-App-20x20@1x.png"; sourceTree = "<group>"; };
		D7372A901FA903620056AB31 /* Icon-App-20x20@2x-1.png */ = {isa = PBXFileReference; lastKnownFileType = image.png; path = "Icon-App-20x20@2x-1.png"; sourceTree = "<group>"; };
		D7372A911FA903620056AB31 /* Icon-App-20x20@2x.png */ = {isa = PBXFileReference; lastKnownFileType = image.png; path = "Icon-App-20x20@2x.png"; sourceTree = "<group>"; };
		D7372A921FA903620056AB31 /* Icon-App-20x20@3x.png */ = {isa = PBXFileReference; lastKnownFileType = image.png; path = "Icon-App-20x20@3x.png"; sourceTree = "<group>"; };
		D7372A931FA903620056AB31 /* Icon-App-29x29@1x.png */ = {isa = PBXFileReference; lastKnownFileType = image.png; path = "Icon-App-29x29@1x.png"; sourceTree = "<group>"; };
		D7372A941FA903620056AB31 /* Icon-App-29x29@2x-1.png */ = {isa = PBXFileReference; lastKnownFileType = image.png; path = "Icon-App-29x29@2x-1.png"; sourceTree = "<group>"; };
		D7372A951FA903620056AB31 /* Icon-App-29x29@2x.png */ = {isa = PBXFileReference; lastKnownFileType = image.png; path = "Icon-App-29x29@2x.png"; sourceTree = "<group>"; };
		D7372A961FA903620056AB31 /* Icon-App-29x29@3x-1.png */ = {isa = PBXFileReference; lastKnownFileType = image.png; path = "Icon-App-29x29@3x-1.png"; sourceTree = "<group>"; };
		D7372A971FA903620056AB31 /* Icon-App-29x29@3x.png */ = {isa = PBXFileReference; lastKnownFileType = image.png; path = "Icon-App-29x29@3x.png"; sourceTree = "<group>"; };
		D7372A981FA903620056AB31 /* Icon-App-40x40@1x.png */ = {isa = PBXFileReference; lastKnownFileType = image.png; path = "Icon-App-40x40@1x.png"; sourceTree = "<group>"; };
		D7372A991FA903620056AB31 /* Icon-App-40x40@2x-1.png */ = {isa = PBXFileReference; lastKnownFileType = image.png; path = "Icon-App-40x40@2x-1.png"; sourceTree = "<group>"; };
		D7372A9A1FA903620056AB31 /* Icon-App-40x40@2x.png */ = {isa = PBXFileReference; lastKnownFileType = image.png; path = "Icon-App-40x40@2x.png"; sourceTree = "<group>"; };
		D7372A9B1FA903620056AB31 /* Icon-App-60x60@2x.png */ = {isa = PBXFileReference; lastKnownFileType = image.png; path = "Icon-App-60x60@2x.png"; sourceTree = "<group>"; };
		D7372A9C1FA903620056AB31 /* Icon-App-60x60@3x.png */ = {isa = PBXFileReference; lastKnownFileType = image.png; path = "Icon-App-60x60@3x.png"; sourceTree = "<group>"; };
		D7372A9D1FA903620056AB31 /* Icon-App-76x76@1x.png */ = {isa = PBXFileReference; lastKnownFileType = image.png; path = "Icon-App-76x76@1x.png"; sourceTree = "<group>"; };
		D7372A9E1FA903620056AB31 /* Icon-App-76x76@2x.png */ = {isa = PBXFileReference; lastKnownFileType = image.png; path = "Icon-App-76x76@2x.png"; sourceTree = "<group>"; };
		D7372A9F1FA903620056AB31 /* Icon-App-83.5x83.5@2x.png */ = {isa = PBXFileReference; lastKnownFileType = image.png; path = "Icon-App-83.5x83.5@2x.png"; sourceTree = "<group>"; };
		D7372AA01FA903620056AB31 /* marketing1024.png */ = {isa = PBXFileReference; lastKnownFileType = image.png; path = marketing1024.png; sourceTree = "<group>"; };
		D74464031FA8DE580081D6BF /* Identifiers.swift */ = {isa = PBXFileReference; fileEncoding = 4; lastKnownFileType = sourcecode.swift; path = Identifiers.swift; sourceTree = "<group>"; };
		D7541F661F8E8F5E0096FDA8 /* StorageService.swift */ = {isa = PBXFileReference; lastKnownFileType = sourcecode.swift; path = StorageService.swift; sourceTree = "<group>"; };
		D7541F681F8E90FB0096FDA8 /* PostService.swift */ = {isa = PBXFileReference; lastKnownFileType = sourcecode.swift; path = PostService.swift; sourceTree = "<group>"; };
		D764DD1F1F9FC1760039B121 /* Assets.xcassets */ = {isa = PBXFileReference; lastKnownFileType = folder.assetcatalog; path = Assets.xcassets; sourceTree = "<group>"; };
		D76E0F4220992B2200B70AD5 /* Bodhi.swift */ = {isa = PBXFileReference; fileEncoding = 4; lastKnownFileType = sourcecode.swift; path = Bodhi.swift; sourceTree = "<group>"; };
		D76E0F462099471200B70AD5 /* FirebaseHacks.swift */ = {isa = PBXFileReference; fileEncoding = 4; lastKnownFileType = sourcecode.swift; path = FirebaseHacks.swift; sourceTree = "<group>"; };
		D76E0F48209A4A6600B70AD5 /* ProfileVC.swift */ = {isa = PBXFileReference; fileEncoding = 4; lastKnownFileType = sourcecode.swift; name = ProfileVC.swift; path = "Pop Up Circle Test/ProfileVC.swift"; sourceTree = SOURCE_ROOT; };
		D76E0F49209A4A6700B70AD5 /* SanghaCell.swift */ = {isa = PBXFileReference; fileEncoding = 4; lastKnownFileType = sourcecode.swift; name = SanghaCell.swift; path = "Pop Up Circle Test/breakpoint/View/SanghaCell.swift"; sourceTree = SOURCE_ROOT; };
		D76E0F4A209A4A6700B70AD5 /* SanghaVC.swift */ = {isa = PBXFileReference; fileEncoding = 4; lastKnownFileType = sourcecode.swift; name = SanghaVC.swift; path = "Pop Up Circle Test/SanghaVC.swift"; sourceTree = SOURCE_ROOT; };
		D76E0F4E209A5FD000B70AD5 /* Conversation.swift */ = {isa = PBXFileReference; lastKnownFileType = sourcecode.swift; path = Conversation.swift; sourceTree = "<group>"; };
		D76E0F54209A6BE500B70AD5 /* ConversationsVC.swift */ = {isa = PBXFileReference; lastKnownFileType = sourcecode.swift; path = ConversationsVC.swift; sourceTree = "<group>"; };
		D76E0F56209A72E400B70AD5 /* ConversationCell.swift */ = {isa = PBXFileReference; lastKnownFileType = sourcecode.swift; path = ConversationCell.swift; sourceTree = "<group>"; };
		D76E0F58209A734D00B70AD5 /* ConversationFeedCell.swift */ = {isa = PBXFileReference; lastKnownFileType = sourcecode.swift; path = ConversationFeedCell.swift; sourceTree = "<group>"; };
		D76E0F5C209A751400B70AD5 /* ConversationFeedVC.swift */ = {isa = PBXFileReference; lastKnownFileType = sourcecode.swift; path = ConversationFeedVC.swift; sourceTree = "<group>"; };
		D7A8D0D2206AF1EC00DD45AB /* GoogleService-Info.plist */ = {isa = PBXFileReference; fileEncoding = 4; lastKnownFileType = text.plist.xml; path = "GoogleService-Info.plist"; sourceTree = "<group>"; };
		D7A8D0D4206AF3DA00DD45AB /* templeBell.mp3 */ = {isa = PBXFileReference; lastKnownFileType = audio.mp3; path = templeBell.mp3; sourceTree = "<group>"; };
		D7A8D0D6206AF48000DD45AB /* LovelyBell.mp3 */ = {isa = PBXFileReference; lastKnownFileType = audio.mp3; path = LovelyBell.mp3; sourceTree = "<group>"; };
		D7B34EA220A3BD3C0020B063 /* OneSignalNotificationServiceExtension.appex */ = {isa = PBXFileReference; explicitFileType = "wrapper.app-extension"; includeInIndex = 0; path = OneSignalNotificationServiceExtension.appex; sourceTree = BUILT_PRODUCTS_DIR; };
		D7B34EA420A3BD3C0020B063 /* NotificationService.swift */ = {isa = PBXFileReference; lastKnownFileType = sourcecode.swift; path = NotificationService.swift; sourceTree = "<group>"; };
		D7B34EA620A3BD3C0020B063 /* Info.plist */ = {isa = PBXFileReference; lastKnownFileType = text.plist.xml; path = Info.plist; sourceTree = "<group>"; };
		D7B353C220A3826B00207DA1 /* AppDelegate2.swift */ = {isa = PBXFileReference; lastKnownFileType = sourcecode.swift; path = AppDelegate2.swift; sourceTree = "<group>"; };
		D7B8D8B71F857317002DB434 /* ChannelVC.swift */ = {isa = PBXFileReference; fileEncoding = 4; lastKnownFileType = sourcecode.swift; path = ChannelVC.swift; sourceTree = "<group>"; };
		D7B8D8B81F857317002DB434 /* ChatVC.swift */ = {isa = PBXFileReference; fileEncoding = 4; lastKnownFileType = sourcecode.swift; path = ChatVC.swift; sourceTree = "<group>"; };
		D7B8D8BC1F858325002DB434 /* Pop Up Circle Test-Bridging-Header.h */ = {isa = PBXFileReference; lastKnownFileType = sourcecode.c.h; path = "Pop Up Circle Test-Bridging-Header.h"; sourceTree = "<group>"; };
		D7B8D8BD1F858326002DB434 /* SWRevealViewController.h */ = {isa = PBXFileReference; fileEncoding = 4; lastKnownFileType = sourcecode.c.h; path = SWRevealViewController.h; sourceTree = "<group>"; };
		D7B8D8BE1F858327002DB434 /* SWRevealViewController.m */ = {isa = PBXFileReference; fileEncoding = 4; lastKnownFileType = sourcecode.c.objc; path = SWRevealViewController.m; sourceTree = "<group>"; };
		D7B8D8C21F85A30B002DB434 /* GradientView.swift */ = {isa = PBXFileReference; lastKnownFileType = sourcecode.swift; path = GradientView.swift; sourceTree = "<group>"; };
		D7B8D8C71F86761A002DB434 /* CreateGroupsVC.swift */ = {isa = PBXFileReference; fileEncoding = 4; lastKnownFileType = sourcecode.swift; path = CreateGroupsVC.swift; sourceTree = "<group>"; };
		D7B8D8CA1F86761A002DB434 /* GroupFeedVC.swift */ = {isa = PBXFileReference; fileEncoding = 4; lastKnownFileType = sourcecode.swift; path = GroupFeedVC.swift; sourceTree = "<group>"; };
		D7B8D8CB1F86761A002DB434 /* GroupsVC.swift */ = {isa = PBXFileReference; fileEncoding = 4; lastKnownFileType = sourcecode.swift; path = GroupsVC.swift; sourceTree = "<group>"; };
		D7B8D8CD1F86761A002DB434 /* MeVC.swift */ = {isa = PBXFileReference; fileEncoding = 4; lastKnownFileType = sourcecode.swift; path = MeVC.swift; sourceTree = "<group>"; };
		D7B8D8CF1F86761A002DB434 /* UIViewControllerExt.swift */ = {isa = PBXFileReference; fileEncoding = 4; lastKnownFileType = sourcecode.swift; path = UIViewControllerExt.swift; sourceTree = "<group>"; };
		D7B8D8D01F86761A002DB434 /* UIViewExt.swift */ = {isa = PBXFileReference; fileEncoding = 4; lastKnownFileType = sourcecode.swift; path = UIViewExt.swift; sourceTree = "<group>"; };
		D7B8D8D21F86761A002DB434 /* Group.swift */ = {isa = PBXFileReference; fileEncoding = 4; lastKnownFileType = sourcecode.swift; path = Group.swift; sourceTree = "<group>"; };
		D7B8D8D31F86761A002DB434 /* Message.swift */ = {isa = PBXFileReference; fileEncoding = 4; lastKnownFileType = sourcecode.swift; path = Message.swift; sourceTree = "<group>"; };
		D7B8D8D51F86761A002DB434 /* AuthService.swift */ = {isa = PBXFileReference; fileEncoding = 4; lastKnownFileType = sourcecode.swift; path = AuthService.swift; sourceTree = "<group>"; };
		D7B8D8D61F86761A002DB434 /* DataService.swift */ = {isa = PBXFileReference; fileEncoding = 4; lastKnownFileType = sourcecode.swift; path = DataService.swift; sourceTree = "<group>"; };
		D7B8D8D81F86761A002DB434 /* FeedCell.swift */ = {isa = PBXFileReference; fileEncoding = 4; lastKnownFileType = sourcecode.swift; path = FeedCell.swift; sourceTree = "<group>"; };
		D7B8D8D91F86761A002DB434 /* GroupCell.swift */ = {isa = PBXFileReference; fileEncoding = 4; lastKnownFileType = sourcecode.swift; path = GroupCell.swift; sourceTree = "<group>"; };
		D7B8D8DA1F86761A002DB434 /* GroupFeedCell.swift */ = {isa = PBXFileReference; fileEncoding = 4; lastKnownFileType = sourcecode.swift; path = GroupFeedCell.swift; sourceTree = "<group>"; };
		D7B8D8DB1F86761A002DB434 /* InsetTextField.swift */ = {isa = PBXFileReference; fileEncoding = 4; lastKnownFileType = sourcecode.swift; path = InsetTextField.swift; sourceTree = "<group>"; };
		D7B8D8DC1F86761A002DB434 /* ShadowView.swift */ = {isa = PBXFileReference; fileEncoding = 4; lastKnownFileType = sourcecode.swift; path = ShadowView.swift; sourceTree = "<group>"; };
		D7B8D8DD1F86761A002DB434 /* UserCell.swift */ = {isa = PBXFileReference; fileEncoding = 4; lastKnownFileType = sourcecode.swift; path = UserCell.swift; sourceTree = "<group>"; };
		D7CC87571F00BEB60089A806 /* Image+CoreDataClass.swift */ = {isa = PBXFileReference; fileEncoding = 4; lastKnownFileType = sourcecode.swift; path = "Image+CoreDataClass.swift"; sourceTree = "<group>"; };
		D7CC87581F00BEB60089A806 /* ItemType+CoreDataClass.swift */ = {isa = PBXFileReference; fileEncoding = 4; lastKnownFileType = sourcecode.swift; path = "ItemType+CoreDataClass.swift"; sourceTree = "<group>"; };
		D7CC875A1F00BEB60089A806 /* Store+CoreDataClass.swift */ = {isa = PBXFileReference; fileEncoding = 4; lastKnownFileType = sourcecode.swift; path = "Store+CoreDataClass.swift"; sourceTree = "<group>"; };
		D7CC875F1F00BEC50089A806 /* ItemType+CoreDataProperties.swift */ = {isa = PBXFileReference; fileEncoding = 4; lastKnownFileType = sourcecode.swift; path = "ItemType+CoreDataProperties.swift"; sourceTree = "<group>"; };
		D7CC87601F00BEC50089A806 /* Image+CoreDataProperties.swift */ = {isa = PBXFileReference; fileEncoding = 4; lastKnownFileType = sourcecode.swift; path = "Image+CoreDataProperties.swift"; sourceTree = "<group>"; };
		D7CC87621F00BEC50089A806 /* Store+CoreDataProperties.swift */ = {isa = PBXFileReference; fileEncoding = 4; lastKnownFileType = sourcecode.swift; path = "Store+CoreDataProperties.swift"; sourceTree = "<group>"; };
		D7CC87671F00BEFD0089A806 /* MainVC.swift */ = {isa = PBXFileReference; fileEncoding = 4; lastKnownFileType = sourcecode.swift; path = MainVC.swift; sourceTree = "<group>"; };
		D7CC87681F00BEFD0089A806 /* ItemDetailsVC.swift */ = {isa = PBXFileReference; fileEncoding = 4; lastKnownFileType = sourcecode.swift; path = ItemDetailsVC.swift; sourceTree = "<group>"; };
		D7E3F7261F15696F00537EB1 /* Pop Up Circle Test.entitlements */ = {isa = PBXFileReference; lastKnownFileType = text.plist.entitlements; path = "Pop Up Circle Test.entitlements"; sourceTree = "<group>"; };
		D7E3F7281F15856000537EB1 /* Item+CoreDataClass.swift */ = {isa = PBXFileReference; fileEncoding = 4; lastKnownFileType = sourcecode.swift; path = "Item+CoreDataClass.swift"; sourceTree = "<group>"; };
		D7E3F72A1F15857A00537EB1 /* Item+CoreDataProperties.swift */ = {isa = PBXFileReference; fileEncoding = 4; lastKnownFileType = sourcecode.swift; path = "Item+CoreDataProperties.swift"; sourceTree = "<group>"; };
		D7E4D00020A50D3C002EECC2 /* OneSignal.swift */ = {isa = PBXFileReference; lastKnownFileType = sourcecode.swift; path = OneSignal.swift; sourceTree = "<group>"; };
		D7E4D00220A52CAF002EECC2 /* Test Area.swift */ = {isa = PBXFileReference; lastKnownFileType = sourcecode.swift; path = "Test Area.swift"; sourceTree = "<group>"; };
		D7EB74771F8701CF00498F78 /* Buddha.swift */ = {isa = PBXFileReference; lastKnownFileType = sourcecode.swift; path = Buddha.swift; sourceTree = "<group>"; };
		D7F4822920ABA506000FE814 /* Zazen.swift */ = {isa = PBXFileReference; lastKnownFileType = sourcecode.swift; path = Zazen.swift; sourceTree = "<group>"; };
/* End PBXFileReference section */

/* Begin PBXFrameworksBuildPhase section */
		D73011C51EFB3381003D637A /* Frameworks */ = {
			isa = PBXFrameworksBuildPhase;
			buildActionMask = 2147483647;
			files = (
				B8A6D5BD2B7B0ECEA3D67AF5 /* Pods_Pop_Up_Circle_Test.framework in Frameworks */,
			);
			runOnlyForDeploymentPostprocessing = 0;
		};
		D7B34E9F20A3BD3C0020B063 /* Frameworks */ = {
			isa = PBXFrameworksBuildPhase;
			buildActionMask = 2147483647;
			files = (
				DAA667E2CB32648D589FA4B1 /* Pods_OneSignalNotificationServiceExtension.framework in Frameworks */,
			);
			runOnlyForDeploymentPostprocessing = 0;
		};
/* End PBXFrameworksBuildPhase section */

/* Begin PBXGroup section */
		1782C864E39EEE34980C155A /* Frameworks */ = {
			isa = PBXGroup;
			children = (
				2AB7B180C5DBDF8FEF43EFA3 /* Pods_OneSignalNotificationServiceExtension.framework */,
				69E1FABD62D41FA1C2B31704 /* Pods_Pop_Up_Circle_Test.framework */,
			);
			name = Frameworks;
			sourceTree = "<group>";
		};
		AD731C46278188DFC5890573 /* Pods */ = {
			isa = PBXGroup;
			children = (
				050BFEAAC96B4EB13173207B /* Pods-OneSignalNotificationServiceExtension.debug.xcconfig */,
				B8CCF1DBEDE180641581119C /* Pods-OneSignalNotificationServiceExtension.release.xcconfig */,
				159C523AB98021A0F7F59897 /* Pods-Pop Up Circle Test.debug.xcconfig */,
				575FE00BCA5E53D5518B0544 /* Pods-Pop Up Circle Test.release.xcconfig */,
			);
			name = Pods;
			sourceTree = "<group>";
		};
		D703D4AB1F0401DE00580685 /* Resources */ = {
			isa = PBXGroup;
			children = (
				D7A8D0D6206AF48000DD45AB /* LovelyBell.mp3 */,
				D7A8D0D4206AF3DA00DD45AB /* templeBell.mp3 */,
				D73011F91EFC1E8C003D637A /* zazenBell1.mp3 */,
				D73011F71EFC1E70003D637A /* zazenBell3.mp3 */,
			);
			name = Resources;
			sourceTree = "<group>";
		};
		D7237B38209E11210070430D /* amanda-flavell-21988.imageset */ = {
			isa = PBXGroup;
			children = (
				D7237B39209E11210070430D /* Contents.json */,
				D7237B3A209E11210070430D /* amanda-flavell-21988.jpg */,
			);
			name = "amanda-flavell-21988.imageset";
			path = "Assets.xcassets/amanda-flavell-21988.imageset";
			sourceTree = "<group>";
		};
		D7237B3D209E157C0070430D /* ic_google.imageset */ = {
			isa = PBXGroup;
			children = (
				D7237B3E209E157C0070430D /* ic_google.png */,
				D7237B3F209E157C0070430D /* Contents.json */,
			);
			name = ic_google.imageset;
			path = Assets.xcassets/ic_google.imageset;
			sourceTree = "<group>";
		};
		D73011BF1EFB3381003D637A = {
			isa = PBXGroup;
			children = (
				D73011CA1EFB3381003D637A /* Pop Up Circle Test */,
				D7B34EA320A3BD3C0020B063 /* OneSignalNotificationServiceExtension */,
				D73011C91EFB3381003D637A /* Products */,
				AD731C46278188DFC5890573 /* Pods */,
				1782C864E39EEE34980C155A /* Frameworks */,
			);
			sourceTree = "<group>";
		};
		D73011C91EFB3381003D637A /* Products */ = {
			isa = PBXGroup;
			children = (
				D73011C81EFB3381003D637A /* Pop Up Circle Test.app */,
				D7B34EA220A3BD3C0020B063 /* OneSignalNotificationServiceExtension.appex */,
			);
			name = Products;
			sourceTree = "<group>";
		};
		D73011CA1EFB3381003D637A /* Pop Up Circle Test */ = {
			isa = PBXGroup;
			children = (
				D7A8D0D2206AF1EC00DD45AB /* GoogleService-Info.plist */,
				D764DD1F1F9FC1760039B121 /* Assets.xcassets */,
				D7237B38209E11210070430D /* amanda-flavell-21988.imageset */,
				D7237B46209E80080070430D /* Group.png */,
				D7237B3D209E157C0070430D /* ic_google.imageset */,
				D7372A8D1FA903620056AB31 /* AppIcon.appiconset */,
				D7E3F7261F15696F00537EB1 /* Pop Up Circle Test.entitlements */,
				D7B8D8C41F86761A002DB434 /* breakpoint */,
				D703D4AB1F0401DE00580685 /* Resources */,
				D73011E01EFB33EA003D637A /* Model */,
				D73011E11EFB33FA003D637A /* View */,
				D7B8D8B31F8572DD002DB434 /* Supporting Files */,
				D73011E21EFB3400003D637A /* Controller */,
				D73011CB1EFB3381003D637A /* AppDelegate.swift */,
				D7B353C220A3826B00207DA1 /* AppDelegate2.swift */,
				D73011CF1EFB3381003D637A /* Main.storyboard */,
				D73011D71EFB3381003D637A /* LaunchScreen.storyboard */,
				D73011DA1EFB3381003D637A /* Info.plist */,
				D703D4A11F01D11100580685 /* DreamLister.xcdatamodel */,
			);
			path = "Pop Up Circle Test";
			sourceTree = "<group>";
		};
		D73011E01EFB33EA003D637A /* Model */ = {
			isa = PBXGroup;
			children = (
				D7CC87571F00BEB60089A806 /* Image+CoreDataClass.swift */,
				D7E3F7281F15856000537EB1 /* Item+CoreDataClass.swift */,
				D7CC87581F00BEB60089A806 /* ItemType+CoreDataClass.swift */,
				D7CC875A1F00BEB60089A806 /* Store+CoreDataClass.swift */,
				D73011EA1EFB6984003D637A /* Generated */,
			);
			name = Model;
			sourceTree = "<group>";
		};
		D73011E11EFB33FA003D637A /* View */ = {
			isa = PBXGroup;
			children = (
				D74464031FA8DE580081D6BF /* Identifiers.swift */,
				D7079F221F06127500026B21 /* DharmaCell.swift */,
				D7079F231F06127500026B21 /* DharmaRock.swift */,
				D703D49B1F01ACB500580685 /* MaterialView.swift */,
				D703D49C1F01ACB500580685 /* ItemCell.swift */,
				D703D49D1F01ACB500580685 /* CustomTextField.swift */,
				D7B8D8C21F85A30B002DB434 /* GradientView.swift */,
			);
			name = View;
			sourceTree = "<group>";
		};
		D73011E21EFB3400003D637A /* Controller */ = {
			isa = PBXGroup;
			children = (
				D7E4D00220A52CAF002EECC2 /* Test Area.swift */,
				D7B8D8B81F857317002DB434 /* ChatVC.swift */,
				D7079F201F0611DD00026B21 /* VideoVC.swift */,
				D7079F2A1F06B91100026B21 /* LearningVC.swift */,
				D7CC87671F00BEFD0089A806 /* MainVC.swift */,
				D7CC87681F00BEFD0089A806 /* ItemDetailsVC.swift */,
				D73011CD1EFB3381003D637A /* TimerViewController.swift */,
			);
			name = Controller;
			sourceTree = "<group>";
		};
		D73011EA1EFB6984003D637A /* Generated */ = {
			isa = PBXGroup;
			children = (
				D7CC875F1F00BEC50089A806 /* ItemType+CoreDataProperties.swift */,
				D7E3F72A1F15857A00537EB1 /* Item+CoreDataProperties.swift */,
				D7CC87601F00BEC50089A806 /* Image+CoreDataProperties.swift */,
				D7CC87621F00BEC50089A806 /* Store+CoreDataProperties.swift */,
			);
			name = Generated;
			sourceTree = "<group>";
		};
		D7372A8D1FA903620056AB31 /* AppIcon.appiconset */ = {
			isa = PBXGroup;
			children = (
				D7372A8E1FA903620056AB31 /* Contents.json */,
				D7372A8F1FA903620056AB31 /* Icon-App-20x20@1x.png */,
				D7372A901FA903620056AB31 /* Icon-App-20x20@2x-1.png */,
				D7372A911FA903620056AB31 /* Icon-App-20x20@2x.png */,
				D7372A921FA903620056AB31 /* Icon-App-20x20@3x.png */,
				D7372A931FA903620056AB31 /* Icon-App-29x29@1x.png */,
				D7372A941FA903620056AB31 /* Icon-App-29x29@2x-1.png */,
				D7372A951FA903620056AB31 /* Icon-App-29x29@2x.png */,
				D7372A961FA903620056AB31 /* Icon-App-29x29@3x-1.png */,
				D7372A971FA903620056AB31 /* Icon-App-29x29@3x.png */,
				D7372A981FA903620056AB31 /* Icon-App-40x40@1x.png */,
				D7372A991FA903620056AB31 /* Icon-App-40x40@2x-1.png */,
				D7372A9A1FA903620056AB31 /* Icon-App-40x40@2x.png */,
				D7372A9B1FA903620056AB31 /* Icon-App-60x60@2x.png */,
				D7372A9C1FA903620056AB31 /* Icon-App-60x60@3x.png */,
				D7372A9D1FA903620056AB31 /* Icon-App-76x76@1x.png */,
				D7372A9E1FA903620056AB31 /* Icon-App-76x76@2x.png */,
				D7372A9F1FA903620056AB31 /* Icon-App-83.5x83.5@2x.png */,
				D7372AA01FA903620056AB31 /* marketing1024.png */,
			);
			path = AppIcon.appiconset;
			sourceTree = "<group>";
		};
		D7B34EA320A3BD3C0020B063 /* OneSignalNotificationServiceExtension */ = {
			isa = PBXGroup;
			children = (
				D7B34EA420A3BD3C0020B063 /* NotificationService.swift */,
				D7B34EA620A3BD3C0020B063 /* Info.plist */,
			);
			path = OneSignalNotificationServiceExtension;
			sourceTree = "<group>";
		};
		D7B8D8B31F8572DD002DB434 /* Supporting Files */ = {
			isa = PBXGroup;
			children = (
				D7B8D8BD1F858326002DB434 /* SWRevealViewController.h */,
				D7B8D8BE1F858327002DB434 /* SWRevealViewController.m */,
				D7B8D8BC1F858325002DB434 /* Pop Up Circle Test-Bridging-Header.h */,
			);
			path = "Supporting Files";
			sourceTree = "<group>";
		};
		D7B8D8C41F86761A002DB434 /* breakpoint */ = {
			isa = PBXGroup;
			children = (
				D7B8D8CE1F86761A002DB434 /* Extensions */,
				D7B8D8D41F86761A002DB434 /* Services */,
				D7B8D8D11F86761A002DB434 /* Model */,
				D7B8D8D71F86761A002DB434 /* View */,
				D7B8D8C51F86761A002DB434 /* Controller */,
			);
			path = breakpoint;
			sourceTree = "<group>";
		};
		D7B8D8C51F86761A002DB434 /* Controller */ = {
			isa = PBXGroup;
			children = (
				D7237B36209CD6570070430D /* LoginVC.swift */,
				D76E0F48209A4A6600B70AD5 /* ProfileVC.swift */,
				D76E0F4A209A4A6700B70AD5 /* SanghaVC.swift */,
				D7237B42209E47750070430D /* CreateConversationVC.swift */,
				D7B8D8C71F86761A002DB434 /* CreateGroupsVC.swift */,
				D7B8D8B71F857317002DB434 /* ChannelVC.swift */,
				D76E0F5C209A751400B70AD5 /* ConversationFeedVC.swift */,
				D76E0F54209A6BE500B70AD5 /* ConversationsVC.swift */,
				D7B8D8CA1F86761A002DB434 /* GroupFeedVC.swift */,
				D7B8D8CB1F86761A002DB434 /* GroupsVC.swift */,
				D7B8D8CD1F86761A002DB434 /* MeVC.swift */,
			);
			path = Controller;
			sourceTree = "<group>";
		};
		D7B8D8CE1F86761A002DB434 /* Extensions */ = {
			isa = PBXGroup;
			children = (
				D7B8D8CF1F86761A002DB434 /* UIViewControllerExt.swift */,
				D7B8D8D01F86761A002DB434 /* UIViewExt.swift */,
			);
			path = Extensions;
			sourceTree = "<group>";
		};
		D7B8D8D11F86761A002DB434 /* Model */ = {
			isa = PBXGroup;
			children = (
				D76E0F4220992B2200B70AD5 /* Bodhi.swift */,
				D7B8D8D21F86761A002DB434 /* Group.swift */,
				D7B8D8D31F86761A002DB434 /* Message.swift */,
				D7EB74771F8701CF00498F78 /* Buddha.swift */,
				D76E0F4E209A5FD000B70AD5 /* Conversation.swift */,
				D7E4D00020A50D3C002EECC2 /* OneSignal.swift */,
				D7F4822920ABA506000FE814 /* Zazen.swift */,
			);
			path = Model;
			sourceTree = "<group>";
		};
		D7B8D8D41F86761A002DB434 /* Services */ = {
			isa = PBXGroup;
			children = (
				D76E0F462099471200B70AD5 /* FirebaseHacks.swift */,
				D7B8D8D51F86761A002DB434 /* AuthService.swift */,
				D7B8D8D61F86761A002DB434 /* DataService.swift */,
				D7541F661F8E8F5E0096FDA8 /* StorageService.swift */,
				D7541F681F8E90FB0096FDA8 /* PostService.swift */,
			);
			path = Services;
			sourceTree = "<group>";
		};
		D7B8D8D71F86761A002DB434 /* View */ = {
			isa = PBXGroup;
			children = (
				D7B8D8D81F86761A002DB434 /* FeedCell.swift */,
				D76E0F56209A72E400B70AD5 /* ConversationCell.swift */,
				D76E0F58209A734D00B70AD5 /* ConversationFeedCell.swift */,
				D7B8D8D91F86761A002DB434 /* GroupCell.swift */,
				D7B8D8DA1F86761A002DB434 /* GroupFeedCell.swift */,
				D7B8D8DB1F86761A002DB434 /* InsetTextField.swift */,
				D76E0F49209A4A6700B70AD5 /* SanghaCell.swift */,
				D7B8D8DC1F86761A002DB434 /* ShadowView.swift */,
				D7B8D8DD1F86761A002DB434 /* UserCell.swift */,
			);
			path = View;
			sourceTree = "<group>";
		};
/* End PBXGroup section */

/* Begin PBXNativeTarget section */
		D73011C71EFB3381003D637A /* Pop Up Circle Test */ = {
			isa = PBXNativeTarget;
			buildConfigurationList = D73011DD1EFB3381003D637A /* Build configuration list for PBXNativeTarget "Pop Up Circle Test" */;
			buildPhases = (
				F6524543BE980E1DC414C3CD /* [CP] Check Pods Manifest.lock */,
				D73011C41EFB3381003D637A /* Sources */,
				D73011C51EFB3381003D637A /* Frameworks */,
				D73011C61EFB3381003D637A /* Resources */,
				D7B353D320A3AFBF00207DA1 /* Embed App Extensions */,
				E3E9F637C6215AD8401ABED9 /* [CP] Embed Pods Frameworks */,
				9752AB562995AAFCC572970D /* [CP] Copy Pods Resources */,
			);
			buildRules = (
			);
			dependencies = (
				D7B34EA820A3BD3C0020B063 /* PBXTargetDependency */,
			);
			name = "Pop Up Circle Test";
			productName = "Pop Up Circle Test";
			productReference = D73011C81EFB3381003D637A /* Pop Up Circle Test.app */;
			productType = "com.apple.product-type.application";
		};
		D7B34EA120A3BD3C0020B063 /* OneSignalNotificationServiceExtension */ = {
			isa = PBXNativeTarget;
			buildConfigurationList = D7B34EAA20A3BD3C0020B063 /* Build configuration list for PBXNativeTarget "OneSignalNotificationServiceExtension" */;
			buildPhases = (
				71D8E3353217A7873D72E6AB /* [CP] Check Pods Manifest.lock */,
				D7B34E9E20A3BD3C0020B063 /* Sources */,
				D7B34E9F20A3BD3C0020B063 /* Frameworks */,
				D7B34EA020A3BD3C0020B063 /* Resources */,
			);
			buildRules = (
			);
			dependencies = (
			);
			name = OneSignalNotificationServiceExtension;
			productName = OneSignalNotificationServiceExtension;
			productReference = D7B34EA220A3BD3C0020B063 /* OneSignalNotificationServiceExtension.appex */;
			productType = "com.apple.product-type.app-extension";
		};
/* End PBXNativeTarget section */

/* Begin PBXProject section */
		D73011C01EFB3381003D637A /* Project object */ = {
			isa = PBXProject;
			attributes = {
				LastSwiftUpdateCheck = 0930;
				LastUpgradeCheck = 0900;
				ORGANIZATIONNAME = "Om Design";
				TargetAttributes = {
					D73011C71EFB3381003D637A = {
						CreatedOnToolsVersion = 8.3.3;
						DevelopmentTeam = 93HG3CWZZK;
						LastSwiftMigration = 0910;
						ProvisioningStyle = Automatic;
						SystemCapabilities = {
							com.apple.ApplicationGroups.iOS = {
								enabled = 1;
							};
							com.apple.BackgroundModes = {
								enabled = 1;
							};
							com.apple.Push = {
								enabled = 1;
							};
						};
					};
					D7B34EA120A3BD3C0020B063 = {
						CreatedOnToolsVersion = 9.3;
						DevelopmentTeam = 93HG3CWZZK;
						ProvisioningStyle = Automatic;
					};
				};
			};
			buildConfigurationList = D73011C31EFB3381003D637A /* Build configuration list for PBXProject "Pop Up Circle Test" */;
			compatibilityVersion = "Xcode 3.2";
			developmentRegion = English;
			hasScannedForEncodings = 0;
			knownRegions = (
				en,
				Base,
			);
			mainGroup = D73011BF1EFB3381003D637A;
			productRefGroup = D73011C91EFB3381003D637A /* Products */;
			projectDirPath = "";
			projectRoot = "";
			targets = (
				D73011C71EFB3381003D637A /* Pop Up Circle Test */,
				D7B34EA120A3BD3C0020B063 /* OneSignalNotificationServiceExtension */,
			);
		};
/* End PBXProject section */

/* Begin PBXResourcesBuildPhase section */
		D73011C61EFB3381003D637A /* Resources */ = {
			isa = PBXResourcesBuildPhase;
			buildActionMask = 2147483647;
			files = (
				D73011F81EFC1E70003D637A /* zazenBell3.mp3 in Resources */,
				D7372AA41FA903620056AB31 /* Icon-App-20x20@2x.png in Resources */,
				D7372AAD1FA903620056AB31 /* Icon-App-40x40@2x.png in Resources */,
				D7237B41209E157D0070430D /* Contents.json in Resources */,
				D7372AA11FA903620056AB31 /* Contents.json in Resources */,
				D7372AA81FA903620056AB31 /* Icon-App-29x29@2x.png in Resources */,
				D7372AB31FA903620056AB31 /* marketing1024.png in Resources */,
				D7372AAE1FA903620056AB31 /* Icon-App-60x60@2x.png in Resources */,
				D7372AA21FA903620056AB31 /* Icon-App-20x20@1x.png in Resources */,
				D7372AB21FA903620056AB31 /* Icon-App-83.5x83.5@2x.png in Resources */,
				D7372AAC1FA903620056AB31 /* Icon-App-40x40@2x-1.png in Resources */,
				D7372AA71FA903620056AB31 /* Icon-App-29x29@2x-1.png in Resources */,
				D7237B3C209E11220070430D /* amanda-flavell-21988.jpg in Resources */,
				D7237B3B209E11220070430D /* Contents.json in Resources */,
				D7372AA31FA903620056AB31 /* Icon-App-20x20@2x-1.png in Resources */,
				D7A8D0D3206AF1EC00DD45AB /* GoogleService-Info.plist in Resources */,
				D73011D91EFB3381003D637A /* LaunchScreen.storyboard in Resources */,
				D7372AB11FA903620056AB31 /* Icon-App-76x76@2x.png in Resources */,
				D7372AA91FA903620056AB31 /* Icon-App-29x29@3x-1.png in Resources */,
				D7372AA61FA903620056AB31 /* Icon-App-29x29@1x.png in Resources */,
				D73011FA1EFC1E8C003D637A /* zazenBell1.mp3 in Resources */,
				D7372AA51FA903620056AB31 /* Icon-App-20x20@3x.png in Resources */,
				D7237B40209E157D0070430D /* ic_google.png in Resources */,
				D73011D11EFB3381003D637A /* Main.storyboard in Resources */,
				D7372AAB1FA903620056AB31 /* Icon-App-40x40@1x.png in Resources */,
				D7A8D0D5206AF3DA00DD45AB /* templeBell.mp3 in Resources */,
				D764DD201F9FC1770039B121 /* Assets.xcassets in Resources */,
				D7237B47209E800A0070430D /* Group.png in Resources */,
				D7372AAF1FA903620056AB31 /* Icon-App-60x60@3x.png in Resources */,
				D7372AAA1FA903620056AB31 /* Icon-App-29x29@3x.png in Resources */,
				D7A8D0D7206AF48000DD45AB /* LovelyBell.mp3 in Resources */,
				D7372AB01FA903620056AB31 /* Icon-App-76x76@1x.png in Resources */,
			);
			runOnlyForDeploymentPostprocessing = 0;
		};
		D7B34EA020A3BD3C0020B063 /* Resources */ = {
			isa = PBXResourcesBuildPhase;
			buildActionMask = 2147483647;
			files = (
			);
			runOnlyForDeploymentPostprocessing = 0;
		};
/* End PBXResourcesBuildPhase section */

/* Begin PBXShellScriptBuildPhase section */
		71D8E3353217A7873D72E6AB /* [CP] Check Pods Manifest.lock */ = {
			isa = PBXShellScriptBuildPhase;
			buildActionMask = 2147483647;
			files = (
			);
			inputPaths = (
				"${PODS_PODFILE_DIR_PATH}/Podfile.lock",
				"${PODS_ROOT}/Manifest.lock",
			);
			name = "[CP] Check Pods Manifest.lock";
			outputPaths = (
				"$(DERIVED_FILE_DIR)/Pods-OneSignalNotificationServiceExtension-checkManifestLockResult.txt",
			);
			runOnlyForDeploymentPostprocessing = 0;
			shellPath = /bin/sh;
			shellScript = "diff \"${PODS_PODFILE_DIR_PATH}/Podfile.lock\" \"${PODS_ROOT}/Manifest.lock\" > /dev/null\nif [ $? != 0 ] ; then\n    # print error to STDERR\n    echo \"error: The sandbox is not in sync with the Podfile.lock. Run 'pod install' or update your CocoaPods installation.\" >&2\n    exit 1\nfi\n# This output is used by Xcode 'outputs' to avoid re-running this script phase.\necho \"SUCCESS\" > \"${SCRIPT_OUTPUT_FILE_0}\"\n";
			showEnvVarsInLog = 0;
		};
		9752AB562995AAFCC572970D /* [CP] Copy Pods Resources */ = {
			isa = PBXShellScriptBuildPhase;
			buildActionMask = 2147483647;
			files = (
			);
			inputPaths = (
				"${SRCROOT}/Pods/Target Support Files/Pods-Pop Up Circle Test/Pods-Pop Up Circle Test-resources.sh",
				"${PODS_CONFIGURATION_BUILD_DIR}/FirebaseUI/FirebaseAuthUI.bundle",
				"${PODS_CONFIGURATION_BUILD_DIR}/FirebaseUI/FirebaseFacebookAuthUI.bundle",
				"${PODS_CONFIGURATION_BUILD_DIR}/FirebaseUI/FirebaseGoogleAuthUI.bundle",
				"${PODS_CONFIGURATION_BUILD_DIR}/FirebaseUI/FirebasePhoneAuthUI.bundle",
				"${PODS_CONFIGURATION_BUILD_DIR}/FirebaseUI/FirebaseTwitterAuthUI.bundle",
				"${PODS_ROOT}/GoogleSignIn/Resources/GoogleSignIn.bundle",
				"${PODS_ROOT}/TwitterKit/iOS/TwitterKit.framework/Versions/A/Resources/TwitterKitResources.bundle",
			);
			name = "[CP] Copy Pods Resources";
			outputPaths = (
				"${TARGET_BUILD_DIR}/${UNLOCALIZED_RESOURCES_FOLDER_PATH}/FirebaseAuthUI.bundle",
				"${TARGET_BUILD_DIR}/${UNLOCALIZED_RESOURCES_FOLDER_PATH}/FirebaseFacebookAuthUI.bundle",
				"${TARGET_BUILD_DIR}/${UNLOCALIZED_RESOURCES_FOLDER_PATH}/FirebaseGoogleAuthUI.bundle",
				"${TARGET_BUILD_DIR}/${UNLOCALIZED_RESOURCES_FOLDER_PATH}/FirebasePhoneAuthUI.bundle",
				"${TARGET_BUILD_DIR}/${UNLOCALIZED_RESOURCES_FOLDER_PATH}/FirebaseTwitterAuthUI.bundle",
				"${TARGET_BUILD_DIR}/${UNLOCALIZED_RESOURCES_FOLDER_PATH}/GoogleSignIn.bundle",
				"${TARGET_BUILD_DIR}/${UNLOCALIZED_RESOURCES_FOLDER_PATH}/TwitterKitResources.bundle",
			);
			runOnlyForDeploymentPostprocessing = 0;
			shellPath = /bin/sh;
			shellScript = "\"${SRCROOT}/Pods/Target Support Files/Pods-Pop Up Circle Test/Pods-Pop Up Circle Test-resources.sh\"\n";
			showEnvVarsInLog = 0;
		};
		E3E9F637C6215AD8401ABED9 /* [CP] Embed Pods Frameworks */ = {
			isa = PBXShellScriptBuildPhase;
			buildActionMask = 2147483647;
			files = (
			);
			inputPaths = (
				"${SRCROOT}/Pods/Target Support Files/Pods-Pop Up Circle Test/Pods-Pop Up Circle Test-frameworks.sh",
				"${BUILT_PRODUCTS_DIR}/Bolts/Bolts.framework",
				"${BUILT_PRODUCTS_DIR}/CHDayPicker/CHDayPicker.framework",
				"${BUILT_PRODUCTS_DIR}/DLRadioButton/DLRadioButton.framework",
				"${BUILT_PRODUCTS_DIR}/FBSDKCoreKit/FBSDKCoreKit.framework",
				"${BUILT_PRODUCTS_DIR}/FBSDKLoginKit/FBSDKLoginKit.framework",
				"${BUILT_PRODUCTS_DIR}/GTMOAuth2/GTMOAuth2.framework",
				"${BUILT_PRODUCTS_DIR}/GTMSessionFetcher/GTMSessionFetcher.framework",
				"${BUILT_PRODUCTS_DIR}/GoogleToolboxForMac/GoogleToolboxForMac.framework",
				"${BUILT_PRODUCTS_DIR}/KDCircularProgress/KDCircularProgress.framework",
				"${BUILT_PRODUCTS_DIR}/Protobuf/Protobuf.framework",
				"${BUILT_PRODUCTS_DIR}/SDWebImage/SDWebImage.framework",
				"${BUILT_PRODUCTS_DIR}/leveldb-library/leveldb.framework",
				"${BUILT_PRODUCTS_DIR}/nanopb/nanopb.framework",
			);
			name = "[CP] Embed Pods Frameworks";
			outputPaths = (
				"${TARGET_BUILD_DIR}/${FRAMEWORKS_FOLDER_PATH}/Bolts.framework",
				"${TARGET_BUILD_DIR}/${FRAMEWORKS_FOLDER_PATH}/CHDayPicker.framework",
				"${TARGET_BUILD_DIR}/${FRAMEWORKS_FOLDER_PATH}/DLRadioButton.framework",
				"${TARGET_BUILD_DIR}/${FRAMEWORKS_FOLDER_PATH}/FBSDKCoreKit.framework",
				"${TARGET_BUILD_DIR}/${FRAMEWORKS_FOLDER_PATH}/FBSDKLoginKit.framework",
				"${TARGET_BUILD_DIR}/${FRAMEWORKS_FOLDER_PATH}/GTMOAuth2.framework",
				"${TARGET_BUILD_DIR}/${FRAMEWORKS_FOLDER_PATH}/GTMSessionFetcher.framework",
				"${TARGET_BUILD_DIR}/${FRAMEWORKS_FOLDER_PATH}/GoogleToolboxForMac.framework",
				"${TARGET_BUILD_DIR}/${FRAMEWORKS_FOLDER_PATH}/KDCircularProgress.framework",
				"${TARGET_BUILD_DIR}/${FRAMEWORKS_FOLDER_PATH}/Protobuf.framework",
				"${TARGET_BUILD_DIR}/${FRAMEWORKS_FOLDER_PATH}/SDWebImage.framework",
				"${TARGET_BUILD_DIR}/${FRAMEWORKS_FOLDER_PATH}/leveldb.framework",
				"${TARGET_BUILD_DIR}/${FRAMEWORKS_FOLDER_PATH}/nanopb.framework",
			);
			runOnlyForDeploymentPostprocessing = 0;
			shellPath = /bin/sh;
			shellScript = "\"${SRCROOT}/Pods/Target Support Files/Pods-Pop Up Circle Test/Pods-Pop Up Circle Test-frameworks.sh\"\n";
			showEnvVarsInLog = 0;
		};
		F6524543BE980E1DC414C3CD /* [CP] Check Pods Manifest.lock */ = {
			isa = PBXShellScriptBuildPhase;
			buildActionMask = 2147483647;
			files = (
			);
			inputPaths = (
				"${PODS_PODFILE_DIR_PATH}/Podfile.lock",
				"${PODS_ROOT}/Manifest.lock",
			);
			name = "[CP] Check Pods Manifest.lock";
			outputPaths = (
				"$(DERIVED_FILE_DIR)/Pods-Pop Up Circle Test-checkManifestLockResult.txt",
			);
			runOnlyForDeploymentPostprocessing = 0;
			shellPath = /bin/sh;
			shellScript = "diff \"${PODS_PODFILE_DIR_PATH}/Podfile.lock\" \"${PODS_ROOT}/Manifest.lock\" > /dev/null\nif [ $? != 0 ] ; then\n    # print error to STDERR\n    echo \"error: The sandbox is not in sync with the Podfile.lock. Run 'pod install' or update your CocoaPods installation.\" >&2\n    exit 1\nfi\n# This output is used by Xcode 'outputs' to avoid re-running this script phase.\necho \"SUCCESS\" > \"${SCRIPT_OUTPUT_FILE_0}\"\n";
			showEnvVarsInLog = 0;
		};
/* End PBXShellScriptBuildPhase section */

/* Begin PBXSourcesBuildPhase section */
		D73011C41EFB3381003D637A /* Sources */ = {
			isa = PBXSourcesBuildPhase;
			buildActionMask = 2147483647;
			files = (
				D7B8D8BA1F857317002DB434 /* ChatVC.swift in Sources */,
				D7E3F72B1F15857A00537EB1 /* Item+CoreDataProperties.swift in Sources */,
				D7CC876A1F00BEFD0089A806 /* ItemDetailsVC.swift in Sources */,
				D7079F251F06127500026B21 /* DharmaRock.swift in Sources */,
				D7B8D8E31F86761B002DB434 /* GroupsVC.swift in Sources */,
				D7079F211F0611DD00026B21 /* VideoVC.swift in Sources */,
				D7B8D8E71F86761B002DB434 /* UIViewExt.swift in Sources */,
				D76E0F4D209A4A6700B70AD5 /* SanghaVC.swift in Sources */,
				D7B8D8E51F86761B002DB434 /* MeVC.swift in Sources */,
				D7B353C320A3826B00207DA1 /* AppDelegate2.swift in Sources */,
				D7F4822A20ABA506000FE814 /* Zazen.swift in Sources */,
				D7CC875E1F00BEB60089A806 /* Store+CoreDataClass.swift in Sources */,
				D7B8D8E61F86761B002DB434 /* UIViewControllerExt.swift in Sources */,
				D7B8D8F01F86761B002DB434 /* ShadowView.swift in Sources */,
				D76E0F4C209A4A6700B70AD5 /* SanghaCell.swift in Sources */,
				D7E3F7291F15856100537EB1 /* Item+CoreDataClass.swift in Sources */,
				D703D49E1F01ACB500580685 /* MaterialView.swift in Sources */,
				D703D49F1F01ACB500580685 /* ItemCell.swift in Sources */,
				D7CC875C1F00BEB60089A806 /* ItemType+CoreDataClass.swift in Sources */,
				D7B8D8BF1F858327002DB434 /* SWRevealViewController.m in Sources */,
				D76E0F57209A72E400B70AD5 /* ConversationCell.swift in Sources */,
				D7541F691F8E90FB0096FDA8 /* PostService.swift in Sources */,
				D7079F241F06127500026B21 /* DharmaCell.swift in Sources */,
				D7B8D8ED1F86761B002DB434 /* GroupCell.swift in Sources */,
				D7B8D8EE1F86761B002DB434 /* GroupFeedCell.swift in Sources */,
				D7B8D8F11F86761B002DB434 /* UserCell.swift in Sources */,
				D7B8D8E21F86761B002DB434 /* GroupFeedVC.swift in Sources */,
				D7E4D00120A50D3C002EECC2 /* OneSignal.swift in Sources */,
				D7B8D8EC1F86761B002DB434 /* FeedCell.swift in Sources */,
				D7CC875B1F00BEB60089A806 /* Image+CoreDataClass.swift in Sources */,
				D703D4A21F01D11100580685 /* DreamLister.xcdatamodel in Sources */,
				D76E0F4F209A5FD000B70AD5 /* Conversation.swift in Sources */,
				D7CC87691F00BEFD0089A806 /* MainVC.swift in Sources */,
				D73011CE1EFB3381003D637A /* TimerViewController.swift in Sources */,
				D76E0F4B209A4A6700B70AD5 /* ProfileVC.swift in Sources */,
				D76E0F59209A734D00B70AD5 /* ConversationFeedCell.swift in Sources */,
				D7237B37209CD6580070430D /* LoginVC.swift in Sources */,
				D7B8D8EA1F86761B002DB434 /* AuthService.swift in Sources */,
				D7EB74781F8701CF00498F78 /* Buddha.swift in Sources */,
				D7CC87661F00BEC50089A806 /* Store+CoreDataProperties.swift in Sources */,
				D7237B43209E47750070430D /* CreateConversationVC.swift in Sources */,
				D7B8D8EB1F86761B002DB434 /* DataService.swift in Sources */,
				D74464041FA8DE580081D6BF /* Identifiers.swift in Sources */,
				D76E0F55209A6BE500B70AD5 /* ConversationsVC.swift in Sources */,
				D7E4D00320A52CAF002EECC2 /* Test Area.swift in Sources */,
				D7CC87631F00BEC50089A806 /* ItemType+CoreDataProperties.swift in Sources */,
				D7B8D8E81F86761B002DB434 /* Group.swift in Sources */,
				D76E0F472099471200B70AD5 /* FirebaseHacks.swift in Sources */,
				D76E0F5D209A751400B70AD5 /* ConversationFeedVC.swift in Sources */,
				D7B8D8E91F86761B002DB434 /* Message.swift in Sources */,
				D7079F2B1F06B91100026B21 /* LearningVC.swift in Sources */,
				D73011CC1EFB3381003D637A /* AppDelegate.swift in Sources */,
				D7B8D8B91F857317002DB434 /* ChannelVC.swift in Sources */,
				D7541F671F8E8F5E0096FDA8 /* StorageService.swift in Sources */,
				D7B8D8C31F85A30B002DB434 /* GradientView.swift in Sources */,
				D7CC87641F00BEC50089A806 /* Image+CoreDataProperties.swift in Sources */,
				D7B8D8EF1F86761B002DB434 /* InsetTextField.swift in Sources */,
				D76E0F4320992B2200B70AD5 /* Bodhi.swift in Sources */,
				D7B8D8DF1F86761B002DB434 /* CreateGroupsVC.swift in Sources */,
				D703D4A01F01ACB500580685 /* CustomTextField.swift in Sources */,
			);
			runOnlyForDeploymentPostprocessing = 0;
		};
		D7B34E9E20A3BD3C0020B063 /* Sources */ = {
			isa = PBXSourcesBuildPhase;
			buildActionMask = 2147483647;
			files = (
				D7B34EA520A3BD3C0020B063 /* NotificationService.swift in Sources */,
			);
			runOnlyForDeploymentPostprocessing = 0;
		};
/* End PBXSourcesBuildPhase section */

/* Begin PBXTargetDependency section */
		D7B34EA820A3BD3C0020B063 /* PBXTargetDependency */ = {
			isa = PBXTargetDependency;
			target = D7B34EA120A3BD3C0020B063 /* OneSignalNotificationServiceExtension */;
			targetProxy = D7B34EA720A3BD3C0020B063 /* PBXContainerItemProxy */;
		};
/* End PBXTargetDependency section */

/* Begin PBXVariantGroup section */
		D73011CF1EFB3381003D637A /* Main.storyboard */ = {
			isa = PBXVariantGroup;
			children = (
				D73011D01EFB3381003D637A /* Base */,
			);
			name = Main.storyboard;
			sourceTree = "<group>";
		};
		D73011D71EFB3381003D637A /* LaunchScreen.storyboard */ = {
			isa = PBXVariantGroup;
			children = (
				D73011D81EFB3381003D637A /* Base */,
			);
			name = LaunchScreen.storyboard;
			sourceTree = "<group>";
		};
/* End PBXVariantGroup section */

/* Begin XCBuildConfiguration section */
		D73011DB1EFB3381003D637A /* Debug */ = {
			isa = XCBuildConfiguration;
			buildSettings = {
				ALWAYS_SEARCH_USER_PATHS = NO;
				CLANG_ANALYZER_NONNULL = YES;
				CLANG_ANALYZER_NUMBER_OBJECT_CONVERSION = YES_AGGRESSIVE;
				CLANG_CXX_LANGUAGE_STANDARD = "gnu++0x";
				CLANG_CXX_LIBRARY = "libc++";
				CLANG_ENABLE_MODULES = YES;
				CLANG_ENABLE_OBJC_ARC = YES;
				CLANG_WARN_BLOCK_CAPTURE_AUTORELEASING = YES;
				CLANG_WARN_BOOL_CONVERSION = YES;
				CLANG_WARN_COMMA = YES;
				CLANG_WARN_CONSTANT_CONVERSION = YES;
				CLANG_WARN_DIRECT_OBJC_ISA_USAGE = YES_ERROR;
				CLANG_WARN_DOCUMENTATION_COMMENTS = YES;
				CLANG_WARN_EMPTY_BODY = YES;
				CLANG_WARN_ENUM_CONVERSION = YES;
				CLANG_WARN_INFINITE_RECURSION = YES;
				CLANG_WARN_INT_CONVERSION = YES;
				CLANG_WARN_NON_LITERAL_NULL_CONVERSION = YES;
				CLANG_WARN_OBJC_LITERAL_CONVERSION = YES;
				CLANG_WARN_OBJC_ROOT_CLASS = YES_ERROR;
				CLANG_WARN_RANGE_LOOP_ANALYSIS = YES;
				CLANG_WARN_STRICT_PROTOTYPES = YES;
				CLANG_WARN_SUSPICIOUS_MOVE = YES;
				CLANG_WARN_UNREACHABLE_CODE = YES;
				CLANG_WARN__DUPLICATE_METHOD_MATCH = YES;
				"CODE_SIGN_IDENTITY[sdk=iphoneos*]" = "iPhone Developer";
				COPY_PHASE_STRIP = NO;
				DEBUG_INFORMATION_FORMAT = dwarf;
				ENABLE_STRICT_OBJC_MSGSEND = YES;
				ENABLE_TESTABILITY = YES;
				GCC_C_LANGUAGE_STANDARD = gnu99;
				GCC_DYNAMIC_NO_PIC = NO;
				GCC_NO_COMMON_BLOCKS = YES;
				GCC_OPTIMIZATION_LEVEL = 0;
				GCC_PREPROCESSOR_DEFINITIONS = (
					"DEBUG=1",
					"$(inherited)",
				);
				GCC_WARN_64_TO_32_BIT_CONVERSION = YES;
				GCC_WARN_ABOUT_RETURN_TYPE = YES_ERROR;
				GCC_WARN_UNDECLARED_SELECTOR = YES;
				GCC_WARN_UNINITIALIZED_AUTOS = YES_AGGRESSIVE;
				GCC_WARN_UNUSED_FUNCTION = YES;
				GCC_WARN_UNUSED_VARIABLE = YES;
				IPHONEOS_DEPLOYMENT_TARGET = 10.3;
				MTL_ENABLE_DEBUG_INFO = YES;
				ONLY_ACTIVE_ARCH = YES;
				SDKROOT = iphoneos;
				SWIFT_ACTIVE_COMPILATION_CONDITIONS = DEBUG;
				SWIFT_OPTIMIZATION_LEVEL = "-Onone";
				TARGETED_DEVICE_FAMILY = "1,2";
			};
			name = Debug;
		};
		D73011DC1EFB3381003D637A /* Release */ = {
			isa = XCBuildConfiguration;
			buildSettings = {
				ALWAYS_SEARCH_USER_PATHS = NO;
				CLANG_ANALYZER_NONNULL = YES;
				CLANG_ANALYZER_NUMBER_OBJECT_CONVERSION = YES_AGGRESSIVE;
				CLANG_CXX_LANGUAGE_STANDARD = "gnu++0x";
				CLANG_CXX_LIBRARY = "libc++";
				CLANG_ENABLE_MODULES = YES;
				CLANG_ENABLE_OBJC_ARC = YES;
				CLANG_WARN_BLOCK_CAPTURE_AUTORELEASING = YES;
				CLANG_WARN_BOOL_CONVERSION = YES;
				CLANG_WARN_COMMA = YES;
				CLANG_WARN_CONSTANT_CONVERSION = YES;
				CLANG_WARN_DIRECT_OBJC_ISA_USAGE = YES_ERROR;
				CLANG_WARN_DOCUMENTATION_COMMENTS = YES;
				CLANG_WARN_EMPTY_BODY = YES;
				CLANG_WARN_ENUM_CONVERSION = YES;
				CLANG_WARN_INFINITE_RECURSION = YES;
				CLANG_WARN_INT_CONVERSION = YES;
				CLANG_WARN_NON_LITERAL_NULL_CONVERSION = YES;
				CLANG_WARN_OBJC_LITERAL_CONVERSION = YES;
				CLANG_WARN_OBJC_ROOT_CLASS = YES_ERROR;
				CLANG_WARN_RANGE_LOOP_ANALYSIS = YES;
				CLANG_WARN_STRICT_PROTOTYPES = YES;
				CLANG_WARN_SUSPICIOUS_MOVE = YES;
				CLANG_WARN_UNREACHABLE_CODE = YES;
				CLANG_WARN__DUPLICATE_METHOD_MATCH = YES;
				"CODE_SIGN_IDENTITY[sdk=iphoneos*]" = "iPhone Developer";
				COPY_PHASE_STRIP = NO;
				DEBUG_INFORMATION_FORMAT = "dwarf-with-dsym";
				ENABLE_NS_ASSERTIONS = NO;
				ENABLE_STRICT_OBJC_MSGSEND = YES;
				GCC_C_LANGUAGE_STANDARD = gnu99;
				GCC_NO_COMMON_BLOCKS = YES;
				GCC_WARN_64_TO_32_BIT_CONVERSION = YES;
				GCC_WARN_ABOUT_RETURN_TYPE = YES_ERROR;
				GCC_WARN_UNDECLARED_SELECTOR = YES;
				GCC_WARN_UNINITIALIZED_AUTOS = YES_AGGRESSIVE;
				GCC_WARN_UNUSED_FUNCTION = YES;
				GCC_WARN_UNUSED_VARIABLE = YES;
				IPHONEOS_DEPLOYMENT_TARGET = 10.3;
				MTL_ENABLE_DEBUG_INFO = NO;
				SDKROOT = iphoneos;
				SWIFT_OPTIMIZATION_LEVEL = "-Owholemodule";
				TARGETED_DEVICE_FAMILY = "1,2";
				VALIDATE_PRODUCT = YES;
			};
			name = Release;
		};
		D73011DE1EFB3381003D637A /* Debug */ = {
			isa = XCBuildConfiguration;
			baseConfigurationReference = 159C523AB98021A0F7F59897 /* Pods-Pop Up Circle Test.debug.xcconfig */;
			buildSettings = {
				ALWAYS_EMBED_SWIFT_STANDARD_LIBRARIES = "$(inherited)";
				ASSETCATALOG_COMPILER_APPICON_NAME = AppIcon;
				CLANG_ENABLE_MODULES = YES;
				CODE_SIGN_ENTITLEMENTS = "Pop Up Circle Test/Pop Up Circle Test.entitlements";
				CODE_SIGN_IDENTITY = "iPhone Developer";
				"CODE_SIGN_IDENTITY[sdk=iphoneos*]" = "iPhone Developer";
				DEVELOPMENT_TEAM = 93HG3CWZZK;
				INFOPLIST_FILE = "Pop Up Circle Test/Info.plist";
				IPHONEOS_DEPLOYMENT_TARGET = 10.3;
				LD_RUNPATH_SEARCH_PATHS = "$(inherited) @executable_path/Frameworks";
				OTHER_LDFLAGS = (
					"$(inherited)",
					"-ObjC",
					"-l\"c++\"",
					"-l\"icucore\"",
					"-l\"sqlite3\"",
					"-l\"z\"",
					"-framework",
					"\"AVFoundation\"",
					"-framework",
					"\"Accounts\"",
					"-framework",
					"\"AddressBook\"",
					"-framework",
					"\"Bolts\"",
					"-framework",
					"\"CFNetwork\"",
					"-framework",
					"\"CHDayPicker\"",
					"-framework",
					"\"CoreData\"",
					"-framework",
					"\"CoreGraphics\"",
					"-framework",
					"\"CoreMedia\"",
					"-framework",
					"\"CoreText\"",
					"-framework",
					"\"DLRadioButton\"",
					"-framework",
					"\"FBSDKCoreKit\"",
					"-framework",
					"\"FBSDKLoginKit\"",
					"-framework",
					"\"FirebaseAnalytics\"",
					"-framework",
					"\"FirebaseAuth\"",
					"-framework",
					"\"FirebaseAuthUI\"",
					"-framework",
					"\"FirebaseCore\"",
					"-framework",
					"\"FirebaseCoreDiagnostics\"",
					"-framework",
					"\"FirebaseDatabase\"",
					"-framework",
					"\"FirebaseDatabaseUI\"",
					"-framework",
					"\"FirebaseFacebookAuthUI\"",
					"-framework",
					"\"FirebaseGoogleAuthUI\"",
					"-framework",
					"\"FirebaseInstanceID\"",
					"-framework",
					"\"FirebaseMessaging\"",
					"-framework",
					"\"FirebaseNanoPB\"",
					"-framework",
					"\"FirebasePhoneAuthUI\"",
					"-framework",
					"\"FirebaseStorage\"",
					"-framework",
					"\"FirebaseStorageUI\"",
					"-framework",
					"\"FirebaseTwitterAuthUI\"",
					"-framework",
					"\"Foundation\"",
					"-framework",
					"\"GTMOAuth2\"",
					"-framework",
					"\"GTMSessionFetcher\"",
					"-framework",
					"\"GoogleSignIn\"",
					"-framework",
					"\"GoogleToolboxForMac\"",
					"-framework",
					"\"KDCircularProgress\"",
					"-framework",
					"\"MobileCoreServices\"",
					"-framework",
					"\"Protobuf\"",
					"-framework",
					"\"QuartzCore\"",
					"-framework",
					"\"SDWebImage\"",
					"-framework",
					"\"SafariServices\"",
					"-framework",
					"\"Security\"",
					"-framework",
					"\"Social\"",
					"-framework",
					"\"StoreKit\"",
					"-framework",
					"\"SystemConfiguration\"",
					"-framework",
					"\"TwitterCore\"",
					"-framework",
					"\"TwitterKit\"",
					"-framework",
					"\"UIKit\"",
				);
				PRODUCT_BUNDLE_IDENTIFIER = com.popupzendo;
				PRODUCT_NAME = "$(TARGET_NAME)";
				SWIFT_OBJC_BRIDGING_HEADER = "Pop Up Circle Test/Supporting Files/Pop Up Circle Test-Bridging-Header.h";
				SWIFT_OPTIMIZATION_LEVEL = "-Onone";
				SWIFT_SWIFT3_OBJC_INFERENCE = On;
				SWIFT_VERSION = 4.0;
			};
			name = Debug;
		};
		D73011DF1EFB3381003D637A /* Release */ = {
			isa = XCBuildConfiguration;
			baseConfigurationReference = 575FE00BCA5E53D5518B0544 /* Pods-Pop Up Circle Test.release.xcconfig */;
			buildSettings = {
				ALWAYS_EMBED_SWIFT_STANDARD_LIBRARIES = "$(inherited)";
				ASSETCATALOG_COMPILER_APPICON_NAME = AppIcon;
				CLANG_ENABLE_MODULES = YES;
				CODE_SIGN_ENTITLEMENTS = "Pop Up Circle Test/Pop Up Circle Test.entitlements";
				CODE_SIGN_IDENTITY = "iPhone Developer";
				"CODE_SIGN_IDENTITY[sdk=iphoneos*]" = "iPhone Developer";
				DEVELOPMENT_TEAM = 93HG3CWZZK;
				INFOPLIST_FILE = "Pop Up Circle Test/Info.plist";
				IPHONEOS_DEPLOYMENT_TARGET = 10.3;
				LD_RUNPATH_SEARCH_PATHS = "$(inherited) @executable_path/Frameworks";
				OTHER_LDFLAGS = (
					"$(inherited)",
					"-ObjC",
					"-l\"c++\"",
					"-l\"icucore\"",
					"-l\"sqlite3\"",
					"-l\"z\"",
					"-framework",
					"\"AVFoundation\"",
					"-framework",
					"\"Accounts\"",
					"-framework",
					"\"AddressBook\"",
					"-framework",
					"\"Bolts\"",
					"-framework",
					"\"CFNetwork\"",
					"-framework",
					"\"CHDayPicker\"",
					"-framework",
					"\"CoreData\"",
					"-framework",
					"\"CoreGraphics\"",
					"-framework",
					"\"CoreMedia\"",
					"-framework",
					"\"CoreText\"",
					"-framework",
					"\"DLRadioButton\"",
					"-framework",
					"\"FBSDKCoreKit\"",
					"-framework",
					"\"FBSDKLoginKit\"",
					"-framework",
					"\"FirebaseAnalytics\"",
					"-framework",
					"\"FirebaseAuth\"",
					"-framework",
					"\"FirebaseAuthUI\"",
					"-framework",
					"\"FirebaseCore\"",
					"-framework",
					"\"FirebaseCoreDiagnostics\"",
					"-framework",
					"\"FirebaseDatabase\"",
					"-framework",
					"\"FirebaseDatabaseUI\"",
					"-framework",
					"\"FirebaseFacebookAuthUI\"",
					"-framework",
					"\"FirebaseGoogleAuthUI\"",
					"-framework",
					"\"FirebaseInstanceID\"",
					"-framework",
					"\"FirebaseMessaging\"",
					"-framework",
					"\"FirebaseNanoPB\"",
					"-framework",
					"\"FirebasePhoneAuthUI\"",
					"-framework",
					"\"FirebaseStorage\"",
					"-framework",
					"\"FirebaseStorageUI\"",
					"-framework",
					"\"FirebaseTwitterAuthUI\"",
					"-framework",
					"\"Foundation\"",
					"-framework",
					"\"GTMOAuth2\"",
					"-framework",
					"\"GTMSessionFetcher\"",
					"-framework",
					"\"GoogleSignIn\"",
					"-framework",
					"\"GoogleToolboxForMac\"",
					"-framework",
					"\"KDCircularProgress\"",
					"-framework",
					"\"MobileCoreServices\"",
					"-framework",
					"\"Protobuf\"",
					"-framework",
					"\"QuartzCore\"",
					"-framework",
					"\"SDWebImage\"",
					"-framework",
					"\"SafariServices\"",
					"-framework",
					"\"Security\"",
					"-framework",
					"\"Social\"",
					"-framework",
					"\"StoreKit\"",
					"-framework",
					"\"SystemConfiguration\"",
					"-framework",
					"\"TwitterCore\"",
					"-framework",
					"\"TwitterKit\"",
					"-framework",
					"\"UIKit\"",
				);
				PRODUCT_BUNDLE_IDENTIFIER = com.popupzendo;
				PRODUCT_NAME = "$(TARGET_NAME)";
				SWIFT_OBJC_BRIDGING_HEADER = "Pop Up Circle Test/Supporting Files/Pop Up Circle Test-Bridging-Header.h";
				SWIFT_OPTIMIZATION_LEVEL = "-Onone";
				SWIFT_SWIFT3_OBJC_INFERENCE = On;
				SWIFT_VERSION = 4.0;
			};
			name = Release;
		};
		D7B34EAB20A3BD3C0020B063 /* Debug */ = {
			isa = XCBuildConfiguration;
			baseConfigurationReference = 050BFEAAC96B4EB13173207B /* Pods-OneSignalNotificationServiceExtension.debug.xcconfig */;
			buildSettings = {
				ALWAYS_EMBED_SWIFT_STANDARD_LIBRARIES = "$(inherited)";
				CLANG_CXX_LANGUAGE_STANDARD = "gnu++14";
				CLANG_ENABLE_OBJC_WEAK = YES;
				CLANG_WARN_DEPRECATED_OBJC_IMPLEMENTATIONS = YES;
				CLANG_WARN_OBJC_IMPLICIT_RETAIN_SELF = YES;
				CLANG_WARN_UNGUARDED_AVAILABILITY = YES_AGGRESSIVE;
				CODE_SIGN_IDENTITY = "iPhone Developer";
				"CODE_SIGN_IDENTITY[sdk=iphoneos*]" = "iPhone Developer";
				CODE_SIGN_STYLE = Automatic;
				DEVELOPMENT_TEAM = 93HG3CWZZK;
				GCC_C_LANGUAGE_STANDARD = gnu11;
				INFOPLIST_FILE = OneSignalNotificationServiceExtension/Info.plist;
				IPHONEOS_DEPLOYMENT_TARGET = 10.3;
				LD_RUNPATH_SEARCH_PATHS = "$(inherited) @executable_path/Frameworks @executable_path/../../Frameworks";
				PRODUCT_BUNDLE_IDENTIFIER = com.popupzendo.OneSignalNotificationServiceExtension;
				PRODUCT_NAME = "$(TARGET_NAME)";
				SKIP_INSTALL = YES;
				SWIFT_VERSION = 4.0;
				TARGETED_DEVICE_FAMILY = "1,2";
			};
			name = Debug;
		};
		D7B34EAC20A3BD3C0020B063 /* Release */ = {
			isa = XCBuildConfiguration;
			baseConfigurationReference = B8CCF1DBEDE180641581119C /* Pods-OneSignalNotificationServiceExtension.release.xcconfig */;
			buildSettings = {
				ALWAYS_EMBED_SWIFT_STANDARD_LIBRARIES = "$(inherited)";
				CLANG_CXX_LANGUAGE_STANDARD = "gnu++14";
				CLANG_ENABLE_OBJC_WEAK = YES;
				CLANG_WARN_DEPRECATED_OBJC_IMPLEMENTATIONS = YES;
				CLANG_WARN_OBJC_IMPLICIT_RETAIN_SELF = YES;
				CLANG_WARN_UNGUARDED_AVAILABILITY = YES_AGGRESSIVE;
				CODE_SIGN_IDENTITY = "iPhone Developer";
				"CODE_SIGN_IDENTITY[sdk=iphoneos*]" = "iPhone Developer";
				CODE_SIGN_STYLE = Automatic;
				DEVELOPMENT_TEAM = 93HG3CWZZK;
				GCC_C_LANGUAGE_STANDARD = gnu11;
				INFOPLIST_FILE = OneSignalNotificationServiceExtension/Info.plist;
				IPHONEOS_DEPLOYMENT_TARGET = 10.3;
				LD_RUNPATH_SEARCH_PATHS = "$(inherited) @executable_path/Frameworks @executable_path/../../Frameworks";
				PRODUCT_BUNDLE_IDENTIFIER = com.popupzendo.OneSignalNotificationServiceExtension;
				PRODUCT_NAME = "$(TARGET_NAME)";
				SKIP_INSTALL = YES;
				SWIFT_VERSION = 4.0;
				TARGETED_DEVICE_FAMILY = "1,2";
			};
			name = Release;
		};
/* End XCBuildConfiguration section */

/* Begin XCConfigurationList section */
		D73011C31EFB3381003D637A /* Build configuration list for PBXProject "Pop Up Circle Test" */ = {
			isa = XCConfigurationList;
			buildConfigurations = (
				D73011DB1EFB3381003D637A /* Debug */,
				D73011DC1EFB3381003D637A /* Release */,
			);
			defaultConfigurationIsVisible = 0;
			defaultConfigurationName = Release;
		};
		D73011DD1EFB3381003D637A /* Build configuration list for PBXNativeTarget "Pop Up Circle Test" */ = {
			isa = XCConfigurationList;
			buildConfigurations = (
				D73011DE1EFB3381003D637A /* Debug */,
				D73011DF1EFB3381003D637A /* Release */,
			);
			defaultConfigurationIsVisible = 0;
			defaultConfigurationName = Release;
		};
		D7B34EAA20A3BD3C0020B063 /* Build configuration list for PBXNativeTarget "OneSignalNotificationServiceExtension" */ = {
			isa = XCConfigurationList;
			buildConfigurations = (
				D7B34EAB20A3BD3C0020B063 /* Debug */,
				D7B34EAC20A3BD3C0020B063 /* Release */,
			);
			defaultConfigurationIsVisible = 0;
			defaultConfigurationName = Release;
		};
/* End XCConfigurationList section */
	};
	rootObject = D73011C01EFB3381003D637A /* Project object */;
}
